<?xml version="1.0" encoding="utf-8"?>
<Project ToolsVersion="4.0" xmlns="http://schemas.microsoft.com/developer/msbuild/2003">
  <ItemGroup>
    <Filter Include="Core">
      <UniqueIdentifier>{6e54d174-9f93-4051-8d85-99710ae80d5d}</UniqueIdentifier>
    </Filter>
    <Filter Include="Core\Hooks">
      <UniqueIdentifier>{6527f1fc-1044-4bbf-9f53-302c878ed39d}</UniqueIdentifier>
    </Filter>
    <Filter Include="Core\Logging">
      <UniqueIdentifier>{713dfc04-0238-4641-9b71-cfd9f8806931}</UniqueIdentifier>
    </Filter>
    <Filter Include="ThirdParty">
      <UniqueIdentifier>{fa60bf64-8f4c-46b0-84fd-39826f456a92}</UniqueIdentifier>
    </Filter>
    <Filter Include="ThirdParty\ImGui">
      <UniqueIdentifier>{fb443a43-5e44-4f3f-a670-072240bbbd2e}</UniqueIdentifier>
    </Filter>
    <Filter Include="ThirdParty\MinHook">
      <UniqueIdentifier>{461c81f0-7e45-46d3-86b3-bd0df4cc0881}</UniqueIdentifier>
    </Filter>
    <Filter Include="Framework">
      <UniqueIdentifier>{4f75184d-d27a-4f1d-8f8a-104bb3f1a41d}</UniqueIdentifier>
    </Filter>
    <Filter Include="Framework\Assets">
      <UniqueIdentifier>{3910d34a-fd71-465e-b4e8-c4b5c1f7860b}</UniqueIdentifier>
    </Filter>
    <Filter Include="Framework\Runtime">
      <UniqueIdentifier>{9cf97755-4a0e-4a9e-9ec5-e410ef00681f}</UniqueIdentifier>
    </Filter>
    <Filter Include="Framework\Overlay">
      <UniqueIdentifier>{71fe3382-dafd-411f-bb41-1ae87732f591}</UniqueIdentifier>
    </Filter>
    <Filter Include="Framework\Lua">
      <UniqueIdentifier>{064cde16-9522-427e-91ea-1b5cc93aa70d}</UniqueIdentifier>
    </Filter>
    <Filter Include="Framework\Mods">
      <UniqueIdentifier>{3ce8646b-1ce0-46c3-bfa9-4e5de555cfad}</UniqueIdentifier>
    </Filter>
    <Filter Include="Framework\Archive">
      <UniqueIdentifier>{67880883-d8bf-4096-b252-2949a658a3f2}</UniqueIdentifier>
    </Filter>
    <Filter Include="Documentation">
      <UniqueIdentifier>{d9950c77-8916-4071-af3e-84231478b3ec}</UniqueIdentifier>
    </Filter>
    <Filter Include="Steam Shared Diagnostics">
      <UniqueIdentifier>{07cb9f42-54a9-4e52-a251-d8586de79590}</UniqueIdentifier>
    </Filter>
    <ClCompile Include="DevToolsManager.cpp" />
    <ClCompile Include="..\steam_api64\CrashHandler.cpp">
      <Filter>Steam Shared Diagnostics</Filter>
    </ClCompile>
    <ClCompile Include="..\steam_api64\SteamDiagnostics.cpp">
      <Filter>Steam Shared Diagnostics</Filter>
    </ClCompile>
    <ClCompile Include="..\steam_api64\Storm4IdaRuntime.cpp">
      <Filter>Steam Shared Diagnostics</Filter>
    </ClCompile>
    <ClCompile Include="..\steam_api64\SupportBundle.cpp">
      <Filter>Steam Shared Diagnostics</Filter>
    </ClCompile>
  </ItemGroup>
  <ItemGroup>
    <ClCompile Include="FrameWorkApi.cpp">
      <Filter>Core</Filter>
    </ClCompile>
    <ClCompile Include="..\steam_api64\HookManager.cpp">
      <Filter>Core\Hooks</Filter>
    </ClCompile>
    <ClCompile Include="..\steam_api64\Logger.cpp">
      <Filter>Core\Logging</Filter>
    </ClCompile>
    <ClCompile Include="..\steam_api64\imgui.cpp">
      <Filter>ThirdParty\ImGui</Filter>
    </ClCompile>
    <ClCompile Include="..\steam_api64\imgui_draw.cpp">
      <Filter>ThirdParty\ImGui</Filter>
    </ClCompile>
    <ClCompile Include="..\steam_api64\imgui_impl_dx11.cpp">
      <Filter>ThirdParty\ImGui</Filter>
    </ClCompile>
    <ClCompile Include="..\steam_api64\imgui_impl_win32.cpp">
      <Filter>ThirdParty\ImGui</Filter>
    </ClCompile>
    <ClCompile Include="..\steam_api64\imgui_tables.cpp">
      <Filter>ThirdParty\ImGui</Filter>
    </ClCompile>
    <ClCompile Include="..\steam_api64\imgui_widgets.cpp">
      <Filter>ThirdParty\ImGui</Filter>
    </ClCompile>
  </ItemGroup>
  <ItemGroup>
    <ClInclude Include="..\steam_api64\HookManager.h">
      <Filter>Core\Hooks</Filter>
    </ClInclude>
    <ClInclude Include="..\steam_api64\Logger.h">
      <Filter>Core\Logging</Filter>
    </ClInclude>
    <ClInclude Include="..\steam_api64\StdInc.h">
      <Filter>Core</Filter>
    </ClInclude>
    <ClInclude Include="..\steam_api64\MinHook.h">
      <Filter>ThirdParty\MinHook</Filter>
    </ClInclude>
    <ClInclude Include="..\steam_api64\imconfig.h">
      <Filter>ThirdParty\ImGui</Filter>
    </ClInclude>
    <ClInclude Include="..\steam_api64\imgui.h">
      <Filter>ThirdParty\ImGui</Filter>
    </ClInclude>
    <ClInclude Include="..\steam_api64\imgui_impl_dx11.h">
      <Filter>ThirdParty\ImGui</Filter>
    </ClInclude>
    <ClInclude Include="..\steam_api64\imgui_impl_win32.h">
      <Filter>ThirdParty\ImGui</Filter>
    </ClInclude>
    <ClInclude Include="..\steam_api64\imgui_internal.h">
      <Filter>ThirdParty\ImGui</Filter>
    </ClInclude>
    <ClInclude Include="..\steam_api64\imstb_rectpack.h">
      <Filter>ThirdParty\ImGui</Filter>
    </ClInclude>
    <ClInclude Include="..\steam_api64\imstb_textedit.h">
      <Filter>ThirdParty\ImGui</Filter>
    </ClInclude>
    <ClInclude Include="..\steam_api64\imstb_truetype.h">
      <Filter>ThirdParty\ImGui</Filter>
    </ClInclude>
    <ClInclude Include="..\steam_api64\CrashHandler.h">
      <Filter>Steam Shared Diagnostics</Filter>
    </ClInclude>
    <ClInclude Include="..\steam_api64\SteamDiagnostics.h">
      <Filter>Steam Shared Diagnostics</Filter>
    </ClInclude>
    <ClInclude Include="..\steam_api64\Storm4IdaRuntime.h">
      <Filter>Steam Shared Diagnostics</Filter>
    </ClInclude>
    <ClInclude Include="..\steam_api64\SupportBundle.h">
      <Filter>Steam Shared Diagnostics</Filter>
    </ClInclude>
  </ItemGroup>
  <ItemGroup>
    <Library Include="..\steam_api64\libMinHook.x64.lib">
      <Filter>ThirdParty\MinHook</Filter>
    </Library>
  </ItemGroup>
  <ItemGroup>
    <ClInclude Include="DX11OverlayInternal.h" />
    <ClInclude Include="AssetNuccDecoder.h" />
  </ItemGroup>
  <ItemGroup>
    <ClCompile Include="AssetNuccDecoder.cpp" />
    <ClInclude Include="DevToolsManager.h" />
  </ItemGroup>
  <ItemGroup>
    <ClCompile Include="Asset*.cpp">
      <Filter>Framework\Assets</Filter>
    </ClCompile>
    <ClCompile Include="Runtime*.cpp">
      <Filter>Framework\Runtime</Filter>
    </ClCompile>
    <ClCompile Include="DX11OverlayPage*.cpp">
      <Filter>Framework\Overlay</Filter>
    </ClCompile>
    <ClCompile Include="Lua*.cpp">
      <Filter>Framework\Lua</Filter>
    </ClCompile>
    <ClCompile Include="ModRedirector.cpp">
      <Filter>Framework\Mods</Filter>
    </ClCompile>
    <ClCompile Include="CpkArchive.cpp">
      <Filter>Framework\Archive</Filter>
    </ClCompile>
    <ClCompile Include="XfbinInspector.cpp">
      <Filter>Framework\Archive</Filter>
    </ClCompile>
  </ItemGroup>
  <ItemGroup>
    <ClInclude Include="Asset*.h">
      <Filter>Framework\Assets</Filter>
    </ClInclude>
    <ClInclude Include="Runtime*.h">
      <Filter>Framework\Runtime</Filter>
    </ClInclude>
    <ClInclude Include="Lua*.h">
      <Filter>Framework\Lua</Filter>
    </ClInclude>
    <ClInclude Include="ModRedirector.h">
      <Filter>Framework\Mods</Filter>
    </ClInclude>
    <ClInclude Include="CpkArchive.h">
      <Filter>Framework\Archive</Filter>
    </ClInclude>
    <ClInclude Include="XfbinInspector.h">
      <Filter>Framework\Archive</Filter>
    </ClInclude>
  </ItemGroup>
  <ItemGroup>
    <None Include="*.txt">
      <Filter>Documentation</Filter>
    </None>
  </ItemGroup>
</Project>
