<?xml version="1.0" encoding="utf-8"?>
<Project ToolsVersion="4.0" xmlns="http://schemas.microsoft.com/developer/msbuild/2003">
  <ItemGroup>
    <Filter Include="Core">
      <UniqueIdentifier>{6e54d174-9f93-4051-8d85-99710ae80d5d}</UniqueIdentifier>
    </Filter>
    <Filter Include="Core\Hooks">
      <UniqueIdentifier>{6527f1fc-1044-4bbf-9f53-302c878ed39d}</UniqueIdentifier>
    </Filter>
    <Filter Include="Core\Logging">
      <UniqueIdentifier>{713dfc04-0238-4641-9b71-cfd9f8806931}</UniqueIdentifier>
    </Filter>
    <Filter Include="ThirdParty">
      <UniqueIdentifier>{fa60bf64-8f4c-46b0-84fd-39826f456a92}</UniqueIdentifier>
    </Filter>
    <Filter Include="ThirdParty\ImGui">
      <UniqueIdentifier>{fb443a43-5e44-4f3f-a670-072240bbbd2e}</UniqueIdentifier>
    </Filter>
    <Filter Include="ThirdParty\MinHook">
      <UniqueIdentifier>{461c81f0-7e45-46d3-86b3-bd0df4cc0881}</UniqueIdentifier>
    </Filter>
    <Filter Include="Framework">
      <UniqueIdentifier>{4f75184d-d27a-4f1d-8f8a-104bb3f1a41d}</UniqueIdentifier>
    </Filter>
    <Filter Include="Framework\Assets">
      <UniqueIdentifier>{3910d34a-fd71-465e-b4e8-c4b5c1f7860b}</UniqueIdentifier>
    </Filter>
    <Filter Include="Framework\Runtime">
      <UniqueIdentifier>{9cf97755-4a0e-4a9e-9ec5-e410ef00681f}</UniqueIdentifier>
    </Filter>
    <Filter Include="Framework\Overlay">
      <UniqueIdentifier>{71fe3382-dafd-411f-bb41-1ae87732f591}</UniqueIdentifier>
    </Filter>
    <Filter Include="Framework\Lua">
      <UniqueIdentifier>{064cde16-9522-427e-91ea-1b5cc93aa70d}</UniqueIdentifier>
    </Filter>
    <Filter Include="Framework\Mods">
      <UniqueIdentifier>{3ce8646b-1ce0-46c3-bfa9-4e5de555cfad}</UniqueIdentifier>
    </Filter>
    <Filter Include="Framework\Archive">
      <UniqueIdentifier>{67880883-d8bf-4096-b252-2949a658a3f2}</UniqueIdentifier>
    </Filter>
    <Filter Include="Documentation">
      <UniqueIdentifier>{d9950c77-8916-4071-af3e-84231478b3ec}</UniqueIdentifier>
    </Filter>
    <Filter Include="Steam Shared Diagnostics">
      <UniqueIdentifier>{07cb9f42-54a9-4e52-a251-d8586de79590}</UniqueIdentifier>
    </Filter>
    <ClCompile Include="DevToolsManager.cpp" />
    <ClCompile Include="..\steam_api64\Core\CrashHandler.cpp">
      <Filter>Steam Shared Diagnostics</Filter>
    </ClCompile>
    <ClCompile Include="..\steam_api64\Steam\SteamDiagnostics.cpp">
      <Filter>Steam Shared Diagnostics</Filter>
    </ClCompile>
    <ClCompile Include="..\steam_api64\IDA\Storm4IdaRuntime.cpp">
      <Filter>Steam Shared Diagnostics</Filter>
    </ClCompile>
    <ClCompile Include="..\steam_api64\Framework\SupportBundle.cpp">
      <Filter>Steam Shared Diagnostics</Filter>
    </ClCompile>
    <Filter Include="Source Files">
      <UniqueIdentifier>{0837c359-9776-4273-8cbe-ee778d51f58e}</UniqueIdentifier>
    </Filter>
    <Filter Include="Source Files">
      <UniqueIdentifier>{b7008c49-ad35-423d-af75-0e645c01067e}</UniqueIdentifier>
    </Filter>
    <Filter Include="Header Files">
      <UniqueIdentifier>{64ace468-ce8a-48d3-94c9-f8b6d22a0092}</UniqueIdentifier>
    </Filter>
    <Filter Include="Header Files">
      <UniqueIdentifier>{f2dd3a84-503f-405d-95c2-fc8c4f1bd9e5}</UniqueIdentifier>
    </Filter>
    <Filter Include="NS4FrameWork">
      <UniqueIdentifier>{1ac4fed9-08d5-443d-bf91-dce52ff41258}</UniqueIdentifier>
    </Filter>
  </ItemGroup>
  <ItemGroup>
    <ClCompile Include="FrameWorkApi.cpp">
      <Filter>Core</Filter>
    </ClCompile>
    <ClCompile Include="..\steam_api64\Core\HookManager.cpp">
      <Filter>Core\Hooks</Filter>
    </ClCompile>
    <ClCompile Include="..\steam_api64\Core\Logger.cpp">
      <Filter>Core\Logging</Filter>
    </ClCompile>
    <ClCompile Include="..\steam_api64\Rendering\imgui.cpp">
      <Filter>ThirdParty\ImGui</Filter>
    </ClCompile>
    <ClCompile Include="..\steam_api64\Rendering\imgui_draw.cpp">
      <Filter>ThirdParty\ImGui</Filter>
    </ClCompile>
    <ClCompile Include="..\steam_api64\Rendering\imgui_impl_dx11.cpp">
      <Filter>ThirdParty\ImGui</Filter>
    </ClCompile>
    <ClCompile Include="..\steam_api64\Rendering\imgui_impl_win32.cpp">
      <Filter>ThirdParty\ImGui</Filter>
    </ClCompile>
    <ClCompile Include="..\steam_api64\Rendering\imgui_tables.cpp">
      <Filter>ThirdParty\ImGui</Filter>
    </ClCompile>
    <ClCompile Include="..\steam_api64\Rendering\imgui_widgets.cpp">
      <Filter>ThirdParty\ImGui</Filter>
    </ClCompile>
    <ClCompile Include="..\steam_api64\Rendering\DX11OverlayState.cpp" />
  </ItemGroup>
  <ItemGroup>
    <ClInclude Include="..\steam_api64\Core\HookManager.h">
      <Filter>Core\Hooks</Filter>
    </ClInclude>
    <ClInclude Include="..\steam_api64\Core\Logger.h">
      <Filter>Core\Logging</Filter>
    </ClInclude>
    <ClInclude Include="..\steam_api64\Core\StdInc.h">
      <Filter>Core</Filter>
    </ClInclude>
    <ClInclude Include="..\steam_api64\Game\MinHook.h">
      <Filter>ThirdParty\MinHook</Filter>
    </ClInclude>
    <ClInclude Include="..\steam_api64\Game\imconfig.h">
      <Filter>ThirdParty\ImGui</Filter>
    </ClInclude>
    <ClInclude Include="..\steam_api64\Rendering\imgui.h">
      <Filter>ThirdParty\ImGui</Filter>
    </ClInclude>
    <ClInclude Include="..\steam_api64\Rendering\imgui_impl_dx11.h">
      <Filter>ThirdParty\ImGui</Filter>
    </ClInclude>
    <ClInclude Include="..\steam_api64\Rendering\imgui_impl_win32.h">
      <Filter>ThirdParty\ImGui</Filter>
    </ClInclude>
    <ClInclude Include="..\steam_api64\Rendering\imgui_internal.h">
      <Filter>ThirdParty\ImGui</Filter>
    </ClInclude>
    <ClInclude Include="..\steam_api64\Rendering\imstb_rectpack.h">
      <Filter>ThirdParty\ImGui</Filter>
    </ClInclude>
    <ClInclude Include="..\steam_api64\Rendering\imstb_textedit.h">
      <Filter>ThirdParty\ImGui</Filter>
    </ClInclude>
    <ClInclude Include="..\steam_api64\Rendering\imstb_truetype.h">
      <Filter>ThirdParty\ImGui</Filter>
    </ClInclude>
    <ClInclude Include="..\steam_api64\Core\CrashHandler.h">
      <Filter>Steam Shared Diagnostics</Filter>
    </ClInclude>
    <ClInclude Include="..\steam_api64\Steam\SteamDiagnostics.h">
      <Filter>Steam Shared Diagnostics</Filter>
    </ClInclude>
    <ClInclude Include="..\steam_api64\IDA\Storm4IdaRuntime.h">
      <Filter>Steam Shared Diagnostics</Filter>
    </ClInclude>
    <ClInclude Include="..\steam_api64\Framework\SupportBundle.h">
      <Filter>Steam Shared Diagnostics</Filter>
    </ClInclude>
  </ItemGroup>
  <ItemGroup>
    <Library Include="..\steam_api64\Lib\$(MinHookLibName)" />
  </ItemGroup>
  <ItemGroup>
    <ClInclude Include="DX11OverlayInternal.h" />
    <ClInclude Include="AssetNuccDecoder.h" />
  </ItemGroup>
  <ItemGroup>
    <ClCompile Include="AssetNuccDecoder.cpp" />
    <ClInclude Include="DevToolsManager.h" />
  </ItemGroup>
  <ItemGroup>
    <ClCompile Include="ModRedirector.cpp">
      <Filter>Framework\Mods</Filter>
    </ClCompile>
    <ClCompile Include="CpkArchive.cpp">
      <Filter>Framework\Archive</Filter>
    </ClCompile>
    <ClCompile Include="XfbinInspector.cpp">
      <Filter>Framework\Archive</Filter>
    </ClCompile>
  </ItemGroup>
  <ItemGroup>
    <ClInclude Include="ModRedirector.h">
      <Filter>Framework\Mods</Filter>
    </ClInclude>
    <ClInclude Include="CpkArchive.h">
      <Filter>Framework\Archive</Filter>
    </ClInclude>
    <ClInclude Include="XfbinInspector.h">
      <Filter>Framework\Archive</Filter>
    </ClInclude>
    <ClCompile Include="AssetAudioPreview.cpp">
      <Filter>Source Files</Filter>
    </ClCompile>
    <ClCompile Include="AssetBackupManager.cpp">
      <Filter>Source Files</Filter>
    </ClCompile>
    <ClCompile Include="AssetBrowser.cpp">
      <Filter>Source Files</Filter>
    </ClCompile>
    <ClCompile Include="AssetBulkExtractor.cpp">
      <Filter>Source Files</Filter>
    </ClCompile>
    <ClCompile Include="AssetConflictScanner.cpp">
      <Filter>Source Files</Filter>
    </ClCompile>
    <ClCompile Include="AssetDecodePipeline.cpp">
      <Filter>Source Files</Filter>
    </ClCompile>
    <ClCompile Include="AssetDuplicateFinder.cpp">
      <Filter>Source Files</Filter>
    </ClCompile>
    <ClCompile Include="AssetFavorites.cpp">
      <Filter>Source Files</Filter>
    </ClCompile>
    <ClCompile Include="AssetHash.cpp">
      <Filter>Source Files</Filter>
    </ClCompile>
    <ClCompile Include="AssetHexEditor.cpp">
      <Filter>Source Files</Filter>
    </ClCompile>
    <ClCompile Include="AssetModelViewer.cpp">
      <Filter>Source Files</Filter>
    </ClCompile>
    <ClCompile Include="AssetNotification.cpp">
      <Filter>Source Files</Filter>
    </ClCompile>
    <ClCompile Include="AssetOverrideManager.cpp">
      <Filter>Source Files</Filter>
    </ClCompile>
    <ClCompile Include="AssetPackageCreator.cpp">
      <Filter>Source Files</Filter>
    </ClCompile>
    <ClCompile Include="AssetPreloadManager.cpp">
      <Filter>Source Files</Filter>
    </ClCompile>
    <ClCompile Include="AssetPreview.cpp">
      <Filter>Source Files</Filter>
    </ClCompile>
    <ClCompile Include="AssetPreviewResolver.cpp">
      <Filter>Source Files</Filter>
    </ClCompile>
    <ClCompile Include="AssetRelations.cpp">
      <Filter>Source Files</Filter>
    </ClCompile>
    <ClCompile Include="AssetReport.cpp">
      <Filter>Source Files</Filter>
    </ClCompile>
    <ClCompile Include="AssetSearchFilter.cpp">
      <Filter>Source Files</Filter>
    </ClCompile>
    <ClCompile Include="AssetTaskQueue.cpp">
      <Filter>Source Files</Filter>
    </ClCompile>
    <ClCompile Include="AssetTextureInfo.cpp">
      <Filter>Source Files</Filter>
    </ClCompile>
    <ClCompile Include="AssetTexturePreview.cpp">
      <Filter>Source Files</Filter>
    </ClCompile>
    <ClCompile Include="AssetToolkitUI.cpp">
      <Filter>Source Files</Filter>
    </ClCompile>
    <ClCompile Include="DX11OverlayHelpers.cpp">
      <Filter>Source Files</Filter>
    </ClCompile>
    <ClCompile Include="DX11OverlayPageAssets.cpp">
      <Filter>Source Files</Filter>
    </ClCompile>
    <ClCompile Include="DX11OverlayPageCamera.cpp">
      <Filter>Source Files</Filter>
    </ClCompile>
    <ClCompile Include="DX11OverlayPageControls.cpp">
      <Filter>Source Files</Filter>
    </ClCompile>
    <ClCompile Include="DX11OverlayPageGraphics.cpp">
      <Filter>Source Files</Filter>
    </ClCompile>
    <ClCompile Include="DX11OverlayPageLua.cpp">
      <Filter>Source Files</Filter>
    </ClCompile>
    <ClCompile Include="DX11OverlayPageMods.cpp">
      <Filter>Source Files</Filter>
    </ClCompile>
    <ClCompile Include="DX11OverlayPagePatches.cpp">
      <Filter>Source Files</Filter>
    </ClCompile>
    <ClCompile Include="LuaHooks.cpp">
      <Filter>Source Files</Filter>
    </ClCompile>
    <ClCompile Include="LuaManager.cpp">
      <Filter>Source Files</Filter>
    </ClCompile>
    <ClCompile Include="NS2Config.cpp">
      <Filter>Source Files</Filter>
    </ClCompile>
    <ClCompile Include="NS2Offsets.cpp">
      <Filter>Source Files</Filter>
    </ClCompile>
    <ClCompile Include="OverlayConsole.cpp">
      <Filter>Source Files</Filter>
    </ClCompile>
    <ClCompile Include="PatchManager.cpp">
      <Filter>Source Files</Filter>
    </ClCompile>
    <ClCompile Include="RuntimeAssetTelemetry.cpp">
      <Filter>Source Files</Filter>
    </ClCompile>
    <ClCompile Include="RuntimeDeveloperTools.cpp">
      <Filter>Source Files</Filter>
    </ClCompile>
    <ClCompile Include="RuntimeFileHooks.cpp">
      <Filter>Source Files</Filter>
    </ClCompile>
    <ClCompile Include="RuntimeGameHooks.cpp">
      <Filter>Source Files</Filter>
    </ClCompile>
    <ClCompile Include="RuntimeHookAddresses.cpp">
      <Filter>Source Files</Filter>
    </ClCompile>
    <ClCompile Include="RuntimeHookBootstrap.cpp">
      <Filter>Source Files</Filter>
    </ClCompile>
    <ClInclude Include="AssetAudioPreview.h">
      <Filter>Header Files</Filter>
    </ClInclude>
    <ClInclude Include="AssetBackupManager.h">
      <Filter>Header Files</Filter>
    </ClInclude>
    <ClInclude Include="AssetBrowser.h">
      <Filter>Header Files</Filter>
    </ClInclude>
    <ClInclude Include="AssetBulkExtractor.h">
      <Filter>Header Files</Filter>
    </ClInclude>
    <ClInclude Include="AssetConflictScanner.h">
      <Filter>Header Files</Filter>
    </ClInclude>
    <ClInclude Include="AssetDecodePipeline.h">
      <Filter>Header Files</Filter>
    </ClInclude>
    <ClInclude Include="AssetDuplicateFinder.h">
      <Filter>Header Files</Filter>
    </ClInclude>
    <ClInclude Include="AssetFavorites.h">
      <Filter>Header Files</Filter>
    </ClInclude>
    <ClInclude Include="AssetHash.h">
      <Filter>Header Files</Filter>
    </ClInclude>
    <ClInclude Include="AssetHexEditor.h">
      <Filter>Header Files</Filter>
    </ClInclude>
    <ClInclude Include="AssetModelViewer.h">
      <Filter>Header Files</Filter>
    </ClInclude>
    <ClInclude Include="AssetNotification.h">
      <Filter>Header Files</Filter>
    </ClInclude>
    <ClInclude Include="AssetOverrideManager.h">
      <Filter>Header Files</Filter>
    </ClInclude>
    <ClInclude Include="AssetPackageCreator.h">
      <Filter>Header Files</Filter>
    </ClInclude>
    <ClInclude Include="AssetPreloadManager.h">
      <Filter>Header Files</Filter>
    </ClInclude>
    <ClInclude Include="AssetPreview.h">
      <Filter>Header Files</Filter>
    </ClInclude>
    <ClInclude Include="AssetPreviewResolver.h">
      <Filter>Header Files</Filter>
    </ClInclude>
    <ClInclude Include="AssetRelations.h">
      <Filter>Header Files</Filter>
    </ClInclude>
    <ClInclude Include="AssetReport.h">
      <Filter>Header Files</Filter>
    </ClInclude>
    <ClInclude Include="AssetSearchFilter.h">
      <Filter>Header Files</Filter>
    </ClInclude>
    <ClInclude Include="AssetTaskQueue.h">
      <Filter>Header Files</Filter>
    </ClInclude>
    <ClInclude Include="AssetTextureInfo.h">
      <Filter>Header Files</Filter>
    </ClInclude>
    <ClInclude Include="AssetTexturePreview.h">
      <Filter>Header Files</Filter>
    </ClInclude>
    <ClInclude Include="AssetToolkitUI.h">
      <Filter>Header Files</Filter>
    </ClInclude>
    <ClInclude Include="LuaHooks.h">
      <Filter>Header Files</Filter>
    </ClInclude>
    <ClInclude Include="LuaManager.h">
      <Filter>Header Files</Filter>
    </ClInclude>
    <ClInclude Include="NS2Config.h">
      <Filter>Header Files</Filter>
    </ClInclude>
    <ClInclude Include="NS2Offsets.h">
      <Filter>Header Files</Filter>
    </ClInclude>
    <ClInclude Include="OverlayConsole.h">
      <Filter>Header Files</Filter>
    </ClInclude>
    <ClInclude Include="PatchManager.h">
      <Filter>Header Files</Filter>
    </ClInclude>
    <ClInclude Include="RuntimeAssetTelemetry.h">
      <Filter>Header Files</Filter>
    </ClInclude>
    <ClInclude Include="RuntimeDeveloperTools.h">
      <Filter>Header Files</Filter>
    </ClInclude>
    <ClInclude Include="RuntimeFileHooks.h">
      <Filter>Header Files</Filter>
    </ClInclude>
    <ClInclude Include="RuntimeGameHooks.h">
      <Filter>Header Files</Filter>
    </ClInclude>
    <ClInclude Include="RuntimeHookAddresses.h">
      <Filter>Header Files</Filter>
    </ClInclude>
    <ClInclude Include="RuntimeHookBootstrap.h">
      <Filter>Header Files</Filter>
    </ClInclude>
    <None Include="NS4FrameWork\BIG_DEVTOOLS_UPDATE_README.txt">
      <Filter>NS4FrameWork</Filter>
    </None>
  </ItemGroup>
  <ItemGroup>
  </ItemGroup>
</Project>
