<Solution>
  <Configurations>
    <Platform Name="x64" />
    <Platform Name="x86" />
  </Configurations>
  <Project Path="NS2FrameWork/NS2FrameWork.vcxproj" Id="c2f8b4e3-3e5d-4a9b-8c4f-72f9d55ce901" />
  <Project Path="steam_api64/steam_api64.vcxproj" Id="a36a5aaf-0f0c-4998-a6c7-3a583b9f4ca2" />
</Solution>
