<Solution>
  <Configurations>
    <Platform Name="x64" />
    <Platform Name="x86" />
  </Configurations>
  <Project Path="NS1FrameWork/NS1FrameWork.vcxproj" Id="c1f8b4e3-3e5d-4a9b-8c4f-72f9d55ce901" />
  <Project Path="steam_api64/steam_api64.vcxproj" Id="d262af8a-d686-4053-92e4-1f938978cf63" />
</Solution>