<?xml version="1.0" encoding="utf-8"?>
<Project ToolsVersion="4.0" xmlns="http://schemas.microsoft.com/developer/msbuild/2003">
  <ItemGroup>
    <Filter Include="Core">
      <UniqueIdentifier>{6e54d174-9f93-4051-8d85-99710ae80d5d}</UniqueIdentifier>
    </Filter>
    <Filter Include="Core\Hooks">
      <UniqueIdentifier>{6527f1fc-1044-4bbf-9f53-302c878ed39d}</UniqueIdentifier>
    </Filter>
    <Filter Include="Core\Logging">
      <UniqueIdentifier>{713dfc04-0238-4641-9b71-cfd9f8806931}</UniqueIdentifier>
    </Filter>
    <Filter Include="ThirdParty">
      <UniqueIdentifier>{fa60bf64-8f4c-46b0-84fd-39826f456a92}</UniqueIdentifier>
    </Filter>
    <Filter Include="ThirdParty\ImGui">
      <UniqueIdentifier>{fb443a43-5e44-4f3f-a670-072240bbbd2e}</UniqueIdentifier>
    </Filter>
    <Filter Include="ThirdParty\MinHook">
      <UniqueIdentifier>{461c81f0-7e45-46d3-86b3-bd0df4cc0881}</UniqueIdentifier>
    </Filter>
  </ItemGroup>
  <ItemGroup>
    <ClCompile Include="FrameWorkApi.cpp">
      <Filter>Core</Filter>
    </ClCompile>
    <ClCompile Include="..\steam_api\HookManager.cpp">
      <Filter>Core\Hooks</Filter>
    </ClCompile>
    <ClCompile Include="..\steam_api\Logger.cpp">
      <Filter>Core\Logging</Filter>
    </ClCompile>
    <ClCompile Include="..\steam_api\imgui.cpp">
      <Filter>ThirdParty\ImGui</Filter>
    </ClCompile>
    <ClCompile Include="..\steam_api\imgui_draw.cpp">
      <Filter>ThirdParty\ImGui</Filter>
    </ClCompile>
    <ClCompile Include="..\steam_api\imgui_impl_dx11.cpp">
      <Filter>ThirdParty\ImGui</Filter>
    </ClCompile>
    <ClCompile Include="..\steam_api\imgui_impl_win32.cpp">
      <Filter>ThirdParty\ImGui</Filter>
    </ClCompile>
    <ClCompile Include="..\steam_api\imgui_tables.cpp">
      <Filter>ThirdParty\ImGui</Filter>
    </ClCompile>
    <ClCompile Include="..\steam_api\imgui_widgets.cpp">
      <Filter>ThirdParty\ImGui</Filter>
    </ClCompile>
  </ItemGroup>
  <ItemGroup>
    <ClInclude Include="..\steam_api\HookManager.h">
      <Filter>Core\Hooks</Filter>
    </ClInclude>
    <ClInclude Include="..\steam_api\Logger.h">
      <Filter>Core\Logging</Filter>
    </ClInclude>
    <ClInclude Include="..\steam_api\StdInc.h">
      <Filter>Core</Filter>
    </ClInclude>
    <ClInclude Include="..\steam_api\MinHook.h">
      <Filter>ThirdParty\MinHook</Filter>
    </ClInclude>
    <ClInclude Include="..\steam_api\imconfig.h">
      <Filter>ThirdParty\ImGui</Filter>
    </ClInclude>
    <ClInclude Include="..\steam_api\imgui.h">
      <Filter>ThirdParty\ImGui</Filter>
    </ClInclude>
    <ClInclude Include="..\steam_api\imgui_impl_dx11.h">
      <Filter>ThirdParty\ImGui</Filter>
    </ClInclude>
    <ClInclude Include="..\steam_api\imgui_impl_win32.h">
      <Filter>ThirdParty\ImGui</Filter>
    </ClInclude>
    <ClInclude Include="..\steam_api\imgui_internal.h">
      <Filter>ThirdParty\ImGui</Filter>
    </ClInclude>
    <ClInclude Include="..\steam_api\imstb_rectpack.h">
      <Filter>ThirdParty\ImGui</Filter>
    </ClInclude>
    <ClInclude Include="..\steam_api\imstb_textedit.h">
      <Filter>ThirdParty\ImGui</Filter>
    </ClInclude>
    <ClInclude Include="..\steam_api\imstb_truetype.h">
      <Filter>ThirdParty\ImGui</Filter>
    </ClInclude>
  </ItemGroup>
  <ItemGroup>
    <Library Include="..\steam_api\libMinHook.x86.lib">
      <Filter>ThirdParty\MinHook</Filter>
    </Library>
  </ItemGroup>
  <ItemGroup>
    <ClInclude Include="DX11OverlayInternal.h" />
  </ItemGroup>
</Project>