<?xml version="1.0" encoding="utf-8"?>
<Project ToolsVersion="4.0" xmlns="http://schemas.microsoft.com/developer/msbuild/2003">
  <ItemGroup>
    <Filter Include="Core">
      <UniqueIdentifier>{837e7c5c-da4e-456b-bbfc-bc17800ef024}</UniqueIdentifier>
    </Filter>
    <Filter Include="Core\logger">
      <UniqueIdentifier>{4FC737F1-C7A5-4376-A066-2A32D752A2FF}</UniqueIdentifier>
      <Extensions>cpp;c;cc;cxx;c++;cppm;ixx;def;odl;idl;hpj;bat;asm;asmx</Extensions>
    </Filter>
    <Filter Include="Core\ModLoader">
      <UniqueIdentifier>{b101b624-91cb-47a9-b94a-723bcee636be}</UniqueIdentifier>
    </Filter>
    <Filter Include="Core\Network">
      <UniqueIdentifier>{f7f87cef-44a8-443d-81a5-5c6cfe1501a9}</UniqueIdentifier>
    </Filter>
    <Filter Include="Core\Overlay">
      <UniqueIdentifier>{0554ab91-768f-4b92-8a7a-f885e5156a74}</UniqueIdentifier>
    </Filter>
    <Filter Include="Includes">
      <UniqueIdentifier>{01cdbeb3-143d-4404-bd11-09587677999c}</UniqueIdentifier>
    </Filter>
    <Filter Include="Includes\sdk_includes">
      <UniqueIdentifier>{9b02f85a-ef17-4f01-a71c-8e1ee4ae4b08}</UniqueIdentifier>
    </Filter>
    <Filter Include="Includes\Steam">
      <UniqueIdentifier>{b4ad8a65-d207-4262-9a5d-8d58af7dd46f}</UniqueIdentifier>
    </Filter>
    <Filter Include="Includes\imgui">
      <UniqueIdentifier>{5d00edb2-0519-41f2-8536-692122514365}</UniqueIdentifier>
    </Filter>
    <Filter Include="Includes\minhook">
      <UniqueIdentifier>{77bb434a-9096-419a-8a1d-ade931126c6f}</UniqueIdentifier>
    </Filter>
    <Filter Include="Core\hooks">
      <UniqueIdentifier>{64035980-3e80-4f45-b218-7fff6284a4a8}</UniqueIdentifier>
    </Filter>
    <Filter Include="Core\Overlay\Pages">
      <UniqueIdentifier>{c101a235-0fc8-48fb-ba32-6d9401bf7d28}</UniqueIdentifier>
    </Filter>
    <Filter Include="Core\Overlay\Core">
      <UniqueIdentifier>{9da16abb-a64b-4322-a518-477db4df4acd}</UniqueIdentifier>
    </Filter>
    <Filter Include="Core\Overlay\Console">
      <UniqueIdentifier>{09b0a2da-5e37-41d5-ae12-e8dc5aee934d}</UniqueIdentifier>
    </Filter>
    <Filter Include="Includes\Steam\Fake">
      <UniqueIdentifier>{571b26fd-9080-4455-9e95-b3bb788eae0c}</UniqueIdentifier>
    </Filter>
    <Filter Include="Sort Later">
      <UniqueIdentifier>{1cc08a9e-ee98-48ee-ba69-69bcd8e7fe76}</UniqueIdentifier>
    </Filter>
    <Filter Include="Core\Patches">
      <UniqueIdentifier>{a7eca4ed-a433-426b-9a81-4817a42b1488}</UniqueIdentifier>
    </Filter>
    <Filter Include="Core\Patches\WindoweFullscreen">
      <UniqueIdentifier>{5a427efa-08d0-494b-9fe8-51e07d99b077}</UniqueIdentifier>
    </Filter>
    <Filter Include="Core\hooks\Runtime">
      <UniqueIdentifier>{69924677-4b24-4750-8992-5b41b5029b59}</UniqueIdentifier>
    </Filter>
    <Filter Include="Core\cyberconnect">
      <UniqueIdentifier>{27ee9027-880b-4546-8812-fa47956df483}</UniqueIdentifier>
    </Filter>
    <Filter Include="Core\Overlay\Gui">
      <UniqueIdentifier>{81f519c2-b2bb-41a8-8698-84b762abf1af}</UniqueIdentifier>
    </Filter>
    <Filter Include="Core\Patches\DLC">
      <UniqueIdentifier>{74f6a35e-b58b-46e2-a634-0f95cbc77ca9}</UniqueIdentifier>
    </Filter>
    <Filter Include="Core\File">
      <UniqueIdentifier>{023279fa-3c9b-4ab3-a641-a7abb8bef701}</UniqueIdentifier>
    </Filter>
    <Filter Include="Core\File\Manager">
      <UniqueIdentifier>{58596909-912a-407d-889e-50bf7e3307d1}</UniqueIdentifier>
    </Filter>
    <Filter Include="Core\Patches\Input">
      <UniqueIdentifier>{6132795d-207b-4cd4-b229-20d0172815fb}</UniqueIdentifier>
    </Filter>
    <Filter Include="Core\Overlay\Lua">
      <UniqueIdentifier>{6cc3b933-274b-4da9-adc0-c84ac2a837eb}</UniqueIdentifier>
    </Filter>
    <Filter Include="Core\Game">
      <UniqueIdentifier>{88569300-1981-4610-92db-b17278a55a81}</UniqueIdentifier>
    </Filter>
    <Filter Include="Core\Game\Movment">
      <UniqueIdentifier>{e9ce11b9-c598-469e-bb54-e8d04fe08d37}</UniqueIdentifier>
    </Filter>
    <Filter Include="Core\Game\Awakening">
      <UniqueIdentifier>{2ca0d439-dd35-4244-a980-0d1e9803da8b}</UniqueIdentifier>
    </Filter>
    <Filter Include="Core\Game\Guard">
      <UniqueIdentifier>{981f25e8-9c1a-452b-95a9-12e4a3dd9241}</UniqueIdentifier>
    </Filter>
    <Filter Include="Core\Game\GudoBall">
      <UniqueIdentifier>{9ac8f4a8-a62f-4ae1-9f77-fd4f8701a7eb}</UniqueIdentifier>
    </Filter>
    <Filter Include="Core\Game\Char">
      <UniqueIdentifier>{6e52f7cf-18bd-41a0-b879-ac2187c6b427}</UniqueIdentifier>
    </Filter>
    <Filter Include="Core\Game\PartnerSlot">
      <UniqueIdentifier>{821b8604-28cc-4552-8bd2-b6bca5fae491}</UniqueIdentifier>
    </Filter>
    <Filter Include="Core\Game\Scanner">
      <UniqueIdentifier>{6d3c5cf2-676f-4654-ba47-b8602fa68453}</UniqueIdentifier>
    </Filter>
    <Filter Include="Core\Game\Projectile">
      <UniqueIdentifier>{6c6c89ab-783b-4c35-a26c-b3628a48aed9}</UniqueIdentifier>
    </Filter>
    <Filter Include="Core\Game\Scene">
      <UniqueIdentifier>{2d9040ff-2953-4125-a9d7-58f5361b1122}</UniqueIdentifier>
    </Filter>
    <Filter Include="Core\Game\SpecialCondition">
      <UniqueIdentifier>{a0073496-573a-43a2-a652-50c1bffea37f}</UniqueIdentifier>
    </Filter>
    <Filter Include="Core\Game\SpecialInteraction">
      <UniqueIdentifier>{15e930bd-1796-4716-8ad1-0c0381340dc4}</UniqueIdentifier>
    </Filter>
    <Filter Include="Core\Game\SusanooCond">
      <UniqueIdentifier>{3eddfbd3-88a5-43f6-8a0c-8b4089f0a1b3}</UniqueIdentifier>
    </Filter>
    <Filter Include="Core\Game\TeamUltimateJutsu">
      <UniqueIdentifier>{e305a57e-ea63-462b-a66d-7a464be929bc}</UniqueIdentifier>
    </Filter>
    <Filter Include="Includes\API">
      <UniqueIdentifier>{956fe99e-47e3-42ee-ae63-55c61d4b944b}</UniqueIdentifier>
    </Filter>
    <Filter Include="Core\Audio">
      <UniqueIdentifier>{b8a4dd2c-a906-4e8a-b61e-10568af3d1f5}</UniqueIdentifier>
    </Filter>
    <Filter Include="Core\Input">
      <UniqueIdentifier>{a9c071c4-03ef-4ce7-a5cc-e5dbf0d4470c}</UniqueIdentifier>
    </Filter>
    <Filter Include="Core\Bridge">
      <UniqueIdentifier>{b168eeba-638f-4b7f-8e01-8968b4ed2768}</UniqueIdentifier>
    </Filter>
    <Filter Include="Merged">
      <UniqueIdentifier>{406d27cf-9d8b-4187-b6f1-0781f32650eb}</UniqueIdentifier>
    </Filter>
    <Filter Include="Merged\Extra">
      <UniqueIdentifier>{f4948694-23ea-46ca-8152-d5554af190cb}</UniqueIdentifier>
    </Filter>
    <Filter Include="Merged\Nested">
      <UniqueIdentifier>{489247d5-6a0c-45ed-8184-ec835fc035f7}</UniqueIdentifier>
    </Filter>
    <Filter Include="Documentation">
      <UniqueIdentifier>{f53a787e-9812-4d99-b436-0e86b1ba17b2}</UniqueIdentifier>
    </Filter>
    <Filter Include="OnlineMenu\CustomMenu">
      <UniqueIdentifier>{33333333-1111-4444-8888-000000000100}</UniqueIdentifier>
    </Filter>
    <Filter Include="OnlineMenu\Config">
      <UniqueIdentifier>{33333333-1111-4444-8888-000000000101}</UniqueIdentifier>
    </Filter>
  </ItemGroup>
  <ItemGroup>
    <ClCompile Include="HookManager.cpp">
      <Filter>Core\hooks</Filter>
    </ClCompile>
    <ClCompile Include="ModLoader.cpp">
      <Filter>Core\ModLoader</Filter>
    </ClCompile>
    <ClCompile Include="DX11Overlay.cpp">
      <Filter>Core\Overlay</Filter>
    </ClCompile>
    <ClCompile Include="NetworkHooks.cpp">
      <Filter>Core\Network</Filter>
    </ClCompile>
    <ClCompile Include="OnlineCheckBypass.cpp">
      <Filter>Core\Network</Filter>
    </ClCompile>
    <ClCompile Include="exports.cpp">
      <Filter>Includes\Steam</Filter>
    </ClCompile>
    <ClCompile Include="SteamNetworking.cpp">
      <Filter>Includes\Steam</Filter>
    </ClCompile>
    <ClCompile Include="SteamVersionLogger.cpp">
      <Filter>Includes\Steam</Filter>
    </ClCompile>
    <ClCompile Include="SteamCoreForwarders.cpp">
      <Filter>Includes\Steam</Filter>
    </ClCompile>
    <ClCompile Include="SteamInterfaceRouter.cpp">
      <Filter>Includes\Steam</Filter>
    </ClCompile>
    <ClCompile Include="SteamIDManager.cpp">
      <Filter>Includes\Steam</Filter>
    </ClCompile>
    <ClCompile Include="SteamSessionManager.cpp">
      <Filter>Includes\Steam</Filter>
    </ClCompile>
    <ClCompile Include="SteamPacketLogger.cpp">
      <Filter>Includes\Steam</Filter>
    </ClCompile>
    <ClCompile Include="SteamP2PManager.cpp">
      <Filter>Includes\Steam</Filter>
    </ClCompile>
    <ClCompile Include="SteamAuth.cpp">
      <Filter>Includes\Steam</Filter>
    </ClCompile>
    <ClCompile Include="SteamFactoryRegistry.cpp">
      <Filter>Includes\Steam</Filter>
    </ClCompile>
    <ClCompile Include="SteamConfig.cpp">
      <Filter>Includes\Steam</Filter>
    </ClCompile>
    <ClCompile Include="SupportBundle.cpp">
      <Filter>Includes\Steam</Filter>
    </ClCompile>
    <ClCompile Include="SteamDiagnostics.cpp">
      <Filter>Includes\Steam</Filter>
    </ClCompile>
    <ClCompile Include="SteamCallbackManager.cpp">
      <Filter>Includes\Steam</Filter>
    </ClCompile>
    <ClCompile Include="SteamCallResultManager.cpp">
      <Filter>Includes\Steam</Filter>
    </ClCompile>
    <ClCompile Include="SteamLobbyManager.cpp">
      <Filter>Includes\Steam</Filter>
    </ClCompile>
    <ClCompile Include="SteamOfflineServer.cpp">
      <Filter>Includes\Steam</Filter>
    </ClCompile>
    <ClCompile Include="SteamPersonaManager.cpp">
      <Filter>Includes\Steam</Filter>
    </ClCompile>
    <ClCompile Include="SteamStorageLocal.cpp">
      <Filter>Includes\Steam</Filter>
    </ClCompile>
    <ClCompile Include="SteamStatsLocal.cpp">
      <Filter>Includes\Steam</Filter>
    </ClCompile>
    <ClCompile Include="imgui.cpp">
      <Filter>Includes\imgui</Filter>
    </ClCompile>
    <ClCompile Include="imgui_draw.cpp">
      <Filter>Includes\imgui</Filter>
    </ClCompile>
    <ClCompile Include="imgui_impl_dx11.cpp">
      <Filter>Includes\imgui</Filter>
    </ClCompile>
    <ClCompile Include="imgui_impl_win32.cpp">
      <Filter>Includes\imgui</Filter>
    </ClCompile>
    <ClCompile Include="imgui_tables.cpp">
      <Filter>Includes\imgui</Filter>
    </ClCompile>
    <ClCompile Include="imgui_widgets.cpp">
      <Filter>Includes\imgui</Filter>
    </ClCompile>
    <ClCompile Include="Logger.cpp">
      <Filter>Core\logger</Filter>
    </ClCompile>
    <ClCompile Include="DX11OverlayCore.cpp">
      <Filter>Core\Overlay\Core</Filter>
    </ClCompile>
    <ClCompile Include="DX11OverlayHelpers.cpp">
      <Filter>Core\Overlay\Core</Filter>
    </ClCompile>
    <ClCompile Include="DX11OverlayMenu.cpp">
      <Filter>Core\Overlay\Core</Filter>
    </ClCompile>
    <ClCompile Include="DX11OverlayPageClient.cpp">
      <Filter>Core\Overlay\Pages</Filter>
    </ClCompile>
    <ClCompile Include="DX11OverlayPageOnline.cpp">
      <Filter>Core\Overlay\Pages</Filter>
    </ClCompile>
    <ClCompile Include="DX11OverlayState.cpp">
      <Filter>Core\Overlay\Core</Filter>
    </ClCompile>
    <ClCompile Include="FakeSteamCore.cpp">
      <Filter>Includes\Steam\Fake</Filter>
    </ClCompile>
    <ClCompile Include="FakeSteamFriends.cpp">
      <Filter>Includes\Steam\Fake</Filter>
    </ClCompile>
    <ClCompile Include="FakeSteamGenericInterfaces.cpp">
      <Filter>Includes\Steam\Fake</Filter>
    </ClCompile>
    <ClCompile Include="FakeSteamMatchmaking.cpp">
      <Filter>Includes\Steam\Fake</Filter>
    </ClCompile>
    <ClCompile Include="FakeSteamMatchmakingServers.cpp">
      <Filter>Includes\Steam\Fake</Filter>
    </ClCompile>
    <ClCompile Include="FakeSteamRemoteStorage.cpp">
      <Filter>Includes\Steam\Fake</Filter>
    </ClCompile>
    <ClCompile Include="FakeSteamUserStats.cpp">
      <Filter>Includes\Steam\Fake</Filter>
    </ClCompile>
    <ClCompile Include="FrameworkAddon.cpp">
      <Filter>Core\Overlay\Core</Filter>
    </ClCompile>
    <ClCompile Include="WindowedFullscreen.cpp">
      <Filter>Core\Patches\WindoweFullscreen</Filter>
    </ClCompile>
    <ClCompile Include="SteamProxy.cpp">
      <Filter>Includes\Steam</Filter>
    </ClCompile>
    <ClCompile Include="CrashHandler.cpp">
      <Filter>Core\logger</Filter>
    </ClCompile>
    <ClCompile Include="dllmain.cpp" />
    <ClCompile Include="ccCmnCamera.cpp">
      <Filter>Core\cyberconnect</Filter>
    </ClCompile>
    <ClCompile Include="ccCmnScreenManager.cpp">
      <Filter>Core\cyberconnect</Filter>
    </ClCompile>
    <ClCompile Include="ccSceneManager.cpp">
      <Filter>Core\cyberconnect</Filter>
    </ClCompile>
    <ClCompile Include="BGMManager.cpp">
      <Filter>Core\File\Manager</Filter>
    </ClCompile>
    <ClCompile Include="Common.cpp">
      <Filter>Core\hooks\Runtime</Filter>
    </ClCompile>
    <ClCompile Include="CommonRender.cpp">
      <Filter>Core\hooks\Runtime</Filter>
    </ClCompile>
    <ClCompile Include="Console.cpp">
      <Filter>Core\Overlay\Console</Filter>
    </ClCompile>
    <ClCompile Include="DebugContentLoader.cpp">
      <Filter>Core\ModLoader</Filter>
    </ClCompile>
    <ClCompile Include="DirectX.cpp">
      <Filter>Core\Overlay</Filter>
    </ClCompile>
    <ClCompile Include="EditorGUI.cpp">
      <Filter>Core\Overlay\Gui</Filter>
    </ClCompile>
    <ClCompile Include="DlcContentLoader.cpp">
      <Filter>Core\Patches\DLC</Filter>
    </ClCompile>
    <ClCompile Include="FileParser.cpp">
      <Filter>Core\File</Filter>
    </ClCompile>
    <ClCompile Include="HookFunctions.cpp">
      <Filter>Core\hooks</Filter>
    </ClCompile>
    <ClCompile Include="InputFocusGuard.cpp">
      <Filter>Core\Patches\Input</Filter>
    </ClCompile>
    <ClCompile Include="LuaScripts.cpp">
      <Filter>Core\Overlay\Lua</Filter>
    </ClCompile>
    <ClCompile Include="ModManager.cpp">
      <Filter>Core\ModLoader</Filter>
    </ClCompile>
    <ClCompile Include="MouseLook.cpp">
      <Filter>Core\Patches\Input</Filter>
    </ClCompile>
    <ClCompile Include="Offsets.cpp">
      <Filter>Core\hooks</Filter>
    </ClCompile>
    <ClCompile Include="MovesetPlus.cpp">
      <Filter>Core\Game\Movment</Filter>
    </ClCompile>
    <ClCompile Include="OugiAwakeningParam.cpp">
      <Filter>Core\Game\Awakening</Filter>
    </ClCompile>
    <ClCompile Include="GuardEffectParam.cpp">
      <Filter>Core\Game\Guard</Filter>
    </ClCompile>
    <ClCompile Include="GudoBallParam.cpp">
      <Filter>Core\Game\GudoBall</Filter>
    </ClCompile>
    <ClCompile Include="ConditionPrmManager.cpp">
      <Filter>Core\Game</Filter>
    </ClCompile>
    <ClCompile Include="CharRelationParam.cpp">
      <Filter>Core\Game\Char</Filter>
    </ClCompile>
    <ClCompile Include="PartnerSlotParam.cpp">
      <Filter>Core\Game\PartnerSlot</Filter>
    </ClCompile>
    <ClCompile Include="PatternScan.cpp">
      <Filter>Core\Game\Scanner</Filter>
    </ClCompile>
    <ClCompile Include="PlAnmList.cpp">
      <Filter>Core\hooks</Filter>
    </ClCompile>
    <ClCompile Include="PluginManager.cpp">
      <Filter>Core\ModLoader</Filter>
    </ClCompile>
    <ClCompile Include="ProjectileManager.cpp">
      <Filter>Core\Game\Projectile</Filter>
    </ClCompile>
    <ClCompile Include="Scene.cpp">
      <Filter>Core\Game\Scene</Filter>
    </ClCompile>
    <ClCompile Include="SpecialConditionParam.cpp">
      <Filter>Core\Game\SpecialCondition</Filter>
    </ClCompile>
    <ClCompile Include="SpecialInteractionManager.cpp">
      <Filter>Core\Game\SpecialInteraction</Filter>
    </ClCompile>
    <ClCompile Include="SusanooCondParam.cpp">
      <Filter>Core\Game\SusanooCond</Filter>
    </ClCompile>
    <ClCompile Include="TeamUltimateJutsuManager.cpp">
      <Filter>Core\Game\TeamUltimateJutsu</Filter>
    </ClCompile>
    <ClCompile Include="StormAPIBridge.cpp">
      <Filter>Includes\API</Filter>
    </ClCompile>
    <ClCompile Include="UltimateStormAPI.cpp">
      <Filter>Includes\API</Filter>
    </ClCompile>
    <ClCompile Include="Research\Character\CharacterResearch.cpp">
      <Filter>Core\logger</Filter>
    </ClCompile>
    <ClCompile Include="Research\Combat\CombatResearch.cpp">
      <Filter>Core\logger</Filter>
    </ClCompile>
    <ClCompile Include="Research\Core\ResearchDatabase.cpp">
      <Filter>Core\logger</Filter>
    </ClCompile>
    <ClCompile Include="Research\FreePlay\FreePlayResearch.cpp">
      <Filter>Core\logger</Filter>
    </ClCompile>
    <ClCompile Include="Research\OnlineMenu\OnlineMenuResearch.cpp">
      <Filter>Core\logger</Filter>
    </ClCompile>
    <ClCompile Include="Research\Settings\SettingsResearch.cpp">
      <Filter>Core\logger</Filter>
    </ClCompile>
    <ClCompile Include="Research\Shop\ShopUnlockResearch.cpp">
      <Filter>Core\logger</Filter>
    </ClCompile>
    <ClCompile Include="Research\Stage\StageResearch.cpp">
      <Filter>Core\logger</Filter>
    </ClCompile>
    <ClCompile Include="Research\Story\StoryResearch.cpp">
      <Filter>Core\logger</Filter>
    </ClCompile>
    <ClCompile Include="Storm4IdaRuntime.cpp">
      <Filter>Core\logger</Filter>
    </ClCompile>
    <ClCompile Include="callbacks.c">
      <Filter>Core\logger</Filter>
    </ClCompile>
    <ClCompile Include="compress.c">
      <Filter>Core\logger</Filter>
    </ClCompile>
    <ClCompile Include="GameMath.cpp">
      <Filter>Core\logger</Filter>
    </ClCompile>
    <ClCompile Include="host.c">
      <Filter>Core\logger</Filter>
    </ClCompile>
    <ClCompile Include="list.c">
      <Filter>Core\logger</Filter>
    </ClCompile>
    <ClCompile Include="packet.c">
      <Filter>Core\logger</Filter>
    </ClCompile>
    <ClCompile Include="peer.c">
      <Filter>Core\logger</Filter>
    </ClCompile>
    <ClCompile Include="protocol.c">
      <Filter>Core\logger</Filter>
    </ClCompile>
    <ClCompile Include="unix.c">
      <Filter>Core\logger</Filter>
    </ClCompile>
    <ClCompile Include="win32.c">
      <Filter>Core\logger</Filter>
    </ClCompile>
  </ItemGroup>
  <ItemGroup>
    <ClInclude Include="CrashHandler.h">
      <Filter>Core\logger</Filter>
    </ClInclude>
    <ClInclude Include="Logger.h">
      <Filter>Core\logger</Filter>
    </ClInclude>
    <ClInclude Include="HookManager.h">
      <Filter>Core\hooks</Filter>
    </ClInclude>
    <ClInclude Include="ModLoader.h">
      <Filter>Core\ModLoader</Filter>
    </ClInclude>
    <ClInclude Include="MinHook.h">
      <Filter>Includes\minhook</Filter>
    </ClInclude>
    <ClInclude Include="DX11Overlay.h">
      <Filter>Core\Overlay</Filter>
    </ClInclude>
    <ClInclude Include="NetworkHooks.h">
      <Filter>Core\Network</Filter>
    </ClInclude>
    <ClInclude Include="OnlineCheckBypass.h">
      <Filter>Core\Network</Filter>
    </ClInclude>
    <ClInclude Include="sdk_includes\isteamapplist.h">
      <Filter>Includes\sdk_includes</Filter>
    </ClInclude>
    <ClInclude Include="sdk_includes\isteamapps.h">
      <Filter>Includes\sdk_includes</Filter>
    </ClInclude>
    <ClInclude Include="sdk_includes\isteamapps001.h">
      <Filter>Includes\sdk_includes</Filter>
    </ClInclude>
    <ClInclude Include="sdk_includes\isteamapps002.h">
      <Filter>Includes\sdk_includes</Filter>
    </ClInclude>
    <ClInclude Include="sdk_includes\isteamapps003.h">
      <Filter>Includes\sdk_includes</Filter>
    </ClInclude>
    <ClInclude Include="sdk_includes\isteamapps004.h">
      <Filter>Includes\sdk_includes</Filter>
    </ClInclude>
    <ClInclude Include="sdk_includes\isteamapps005.h">
      <Filter>Includes\sdk_includes</Filter>
    </ClInclude>
    <ClInclude Include="sdk_includes\isteamapps006.h">
      <Filter>Includes\sdk_includes</Filter>
    </ClInclude>
    <ClInclude Include="sdk_includes\isteamapps007.h">
      <Filter>Includes\sdk_includes</Filter>
    </ClInclude>
    <ClInclude Include="sdk_includes\isteamappticket.h">
      <Filter>Includes\sdk_includes</Filter>
    </ClInclude>
    <ClInclude Include="sdk_includes\isteamclient.h">
      <Filter>Includes\sdk_includes</Filter>
    </ClInclude>
    <ClInclude Include="sdk_includes\isteamclient007.h">
      <Filter>Includes\sdk_includes</Filter>
    </ClInclude>
    <ClInclude Include="sdk_includes\isteamclient008.h">
      <Filter>Includes\sdk_includes</Filter>
    </ClInclude>
    <ClInclude Include="sdk_includes\isteamclient009.h">
      <Filter>Includes\sdk_includes</Filter>
    </ClInclude>
    <ClInclude Include="sdk_includes\isteamclient010.h">
      <Filter>Includes\sdk_includes</Filter>
    </ClInclude>
    <ClInclude Include="sdk_includes\isteamclient011.h">
      <Filter>Includes\sdk_includes</Filter>
    </ClInclude>
    <ClInclude Include="sdk_includes\isteamclient012.h">
      <Filter>Includes\sdk_includes</Filter>
    </ClInclude>
    <ClInclude Include="sdk_includes\isteamclient013.h">
      <Filter>Includes\sdk_includes</Filter>
    </ClInclude>
    <ClInclude Include="sdk_includes\isteamclient014.h">
      <Filter>Includes\sdk_includes</Filter>
    </ClInclude>
    <ClInclude Include="sdk_includes\isteamclient015.h">
      <Filter>Includes\sdk_includes</Filter>
    </ClInclude>
    <ClInclude Include="sdk_includes\isteamclient016.h">
      <Filter>Includes\sdk_includes</Filter>
    </ClInclude>
    <ClInclude Include="sdk_includes\isteamclient017.h">
      <Filter>Includes\sdk_includes</Filter>
    </ClInclude>
    <ClInclude Include="sdk_includes\isteamclient018.h">
      <Filter>Includes\sdk_includes</Filter>
    </ClInclude>
    <ClInclude Include="sdk_includes\isteamclient019.h">
      <Filter>Includes\sdk_includes</Filter>
    </ClInclude>
    <ClInclude Include="sdk_includes\isteamcontroller.h">
      <Filter>Includes\sdk_includes</Filter>
    </ClInclude>
    <ClInclude Include="sdk_includes\isteamcontroller001.h">
      <Filter>Includes\sdk_includes</Filter>
    </ClInclude>
    <ClInclude Include="sdk_includes\isteamcontroller002.h">
      <Filter>Includes\sdk_includes</Filter>
    </ClInclude>
    <ClInclude Include="sdk_includes\isteamcontroller003.h">
      <Filter>Includes\sdk_includes</Filter>
    </ClInclude>
    <ClInclude Include="sdk_includes\isteamcontroller004.h">
      <Filter>Includes\sdk_includes</Filter>
    </ClInclude>
    <ClInclude Include="sdk_includes\isteamcontroller005.h">
      <Filter>Includes\sdk_includes</Filter>
    </ClInclude>
    <ClInclude Include="sdk_includes\isteamcontroller006.h">
      <Filter>Includes\sdk_includes</Filter>
    </ClInclude>
    <ClInclude Include="sdk_includes\isteamcontroller007.h">
      <Filter>Includes\sdk_includes</Filter>
    </ClInclude>
    <ClInclude Include="sdk_includes\isteamfriends.h">
      <Filter>Includes\sdk_includes</Filter>
    </ClInclude>
    <ClInclude Include="sdk_includes\isteamfriends003.h">
      <Filter>Includes\sdk_includes</Filter>
    </ClInclude>
    <ClInclude Include="sdk_includes\isteamfriends004.h">
      <Filter>Includes\sdk_includes</Filter>
    </ClInclude>
    <ClInclude Include="sdk_includes\isteamfriends005.h">
      <Filter>Includes\sdk_includes</Filter>
    </ClInclude>
    <ClInclude Include="sdk_includes\isteamfriends006.h">
      <Filter>Includes\sdk_includes</Filter>
    </ClInclude>
    <ClInclude Include="sdk_includes\isteamfriends007.h">
      <Filter>Includes\sdk_includes</Filter>
    </ClInclude>
    <ClInclude Include="sdk_includes\isteamfriends008.h">
      <Filter>Includes\sdk_includes</Filter>
    </ClInclude>
    <ClInclude Include="sdk_includes\isteamfriends009.h">
      <Filter>Includes\sdk_includes</Filter>
    </ClInclude>
    <ClInclude Include="sdk_includes\isteamfriends010.h">
      <Filter>Includes\sdk_includes</Filter>
    </ClInclude>
    <ClInclude Include="sdk_includes\isteamfriends011.h">
      <Filter>Includes\sdk_includes</Filter>
    </ClInclude>
    <ClInclude Include="sdk_includes\isteamfriends012.h">
      <Filter>Includes\sdk_includes</Filter>
    </ClInclude>
    <ClInclude Include="sdk_includes\isteamfriends013.h">
      <Filter>Includes\sdk_includes</Filter>
    </ClInclude>
    <ClInclude Include="sdk_includes\isteamfriends014.h">
      <Filter>Includes\sdk_includes</Filter>
    </ClInclude>
    <ClInclude Include="sdk_includes\isteamfriends015.h">
      <Filter>Includes\sdk_includes</Filter>
    </ClInclude>
    <ClInclude Include="sdk_includes\isteamfriends016.h">
      <Filter>Includes\sdk_includes</Filter>
    </ClInclude>
    <ClInclude Include="sdk_includes\isteamgamecoordinator.h">
      <Filter>Includes\sdk_includes</Filter>
    </ClInclude>
    <ClInclude Include="sdk_includes\isteamgameserver.h">
      <Filter>Includes\sdk_includes</Filter>
    </ClInclude>
    <ClInclude Include="sdk_includes\isteamgameserver004.h">
      <Filter>Includes\sdk_includes</Filter>
    </ClInclude>
    <ClInclude Include="sdk_includes\isteamgameserver005.h">
      <Filter>Includes\sdk_includes</Filter>
    </ClInclude>
    <ClInclude Include="sdk_includes\isteamgameserver008.h">
      <Filter>Includes\sdk_includes</Filter>
    </ClInclude>
    <ClInclude Include="sdk_includes\isteamgameserver009.h">
      <Filter>Includes\sdk_includes</Filter>
    </ClInclude>
    <ClInclude Include="sdk_includes\isteamgameserver010.h">
      <Filter>Includes\sdk_includes</Filter>
    </ClInclude>
    <ClInclude Include="sdk_includes\isteamgameserver011.h">
      <Filter>Includes\sdk_includes</Filter>
    </ClInclude>
    <ClInclude Include="sdk_includes\isteamgameserver012.h">
      <Filter>Includes\sdk_includes</Filter>
    </ClInclude>
    <ClInclude Include="sdk_includes\isteamgameserver013.h">
      <Filter>Includes\sdk_includes</Filter>
    </ClInclude>
    <ClInclude Include="sdk_includes\isteamgameserver014.h">
      <Filter>Includes\sdk_includes</Filter>
    </ClInclude>
    <ClInclude Include="sdk_includes\isteamgameserverstats.h">
      <Filter>Includes\sdk_includes</Filter>
    </ClInclude>
    <ClInclude Include="sdk_includes\isteamhtmlsurface.h">
      <Filter>Includes\sdk_includes</Filter>
    </ClInclude>
    <ClInclude Include="sdk_includes\isteamhtmlsurface001.h">
      <Filter>Includes\sdk_includes</Filter>
    </ClInclude>
    <ClInclude Include="sdk_includes\isteamhtmlsurface002.h">
      <Filter>Includes\sdk_includes</Filter>
    </ClInclude>
    <ClInclude Include="sdk_includes\isteamhtmlsurface003.h">
      <Filter>Includes\sdk_includes</Filter>
    </ClInclude>
    <ClInclude Include="sdk_includes\isteamhtmlsurface004.h">
      <Filter>Includes\sdk_includes</Filter>
    </ClInclude>
    <ClInclude Include="sdk_includes\isteamhttp.h">
      <Filter>Includes\sdk_includes</Filter>
    </ClInclude>
    <ClInclude Include="sdk_includes\isteamhttp001.h">
      <Filter>Includes\sdk_includes</Filter>
    </ClInclude>
    <ClInclude Include="sdk_includes\isteamhttp002.h">
      <Filter>Includes\sdk_includes</Filter>
    </ClInclude>
    <ClInclude Include="sdk_includes\isteaminput.h">
      <Filter>Includes\sdk_includes</Filter>
    </ClInclude>
    <ClInclude Include="sdk_includes\isteaminput001.h">
      <Filter>Includes\sdk_includes</Filter>
    </ClInclude>
    <ClInclude Include="sdk_includes\isteaminput002.h">
      <Filter>Includes\sdk_includes</Filter>
    </ClInclude>
    <ClInclude Include="sdk_includes\isteaminput005.h">
      <Filter>Includes\sdk_includes</Filter>
    </ClInclude>
    <ClInclude Include="sdk_includes\isteaminventory.h">
      <Filter>Includes\sdk_includes</Filter>
    </ClInclude>
    <ClInclude Include="sdk_includes\isteaminventory001.h">
      <Filter>Includes\sdk_includes</Filter>
    </ClInclude>
    <ClInclude Include="sdk_includes\isteaminventory002.h">
      <Filter>Includes\sdk_includes</Filter>
    </ClInclude>
    <ClInclude Include="sdk_includes\isteammasterserverupdater.h">
      <Filter>Includes\sdk_includes</Filter>
    </ClInclude>
    <ClInclude Include="sdk_includes\isteammatchmaking.h">
      <Filter>Includes\sdk_includes</Filter>
    </ClInclude>
    <ClInclude Include="sdk_includes\isteammatchmaking002.h">
      <Filter>Includes\sdk_includes</Filter>
    </ClInclude>
    <ClInclude Include="sdk_includes\isteammatchmaking003.h">
      <Filter>Includes\sdk_includes</Filter>
    </ClInclude>
    <ClInclude Include="sdk_includes\isteammatchmaking004.h">
      <Filter>Includes\sdk_includes</Filter>
    </ClInclude>
    <ClInclude Include="sdk_includes\isteammatchmaking005.h">
      <Filter>Includes\sdk_includes</Filter>
    </ClInclude>
    <ClInclude Include="sdk_includes\isteammatchmaking006.h">
      <Filter>Includes\sdk_includes</Filter>
    </ClInclude>
    <ClInclude Include="sdk_includes\isteammatchmaking007.h">
      <Filter>Includes\sdk_includes</Filter>
    </ClInclude>
    <ClInclude Include="sdk_includes\isteammatchmaking008.h">
      <Filter>Includes\sdk_includes</Filter>
    </ClInclude>
    <ClInclude Include="sdk_includes\isteammusic.h">
      <Filter>Includes\sdk_includes</Filter>
    </ClInclude>
    <ClInclude Include="sdk_includes\isteammusicremote.h">
      <Filter>Includes\sdk_includes</Filter>
    </ClInclude>
    <ClInclude Include="sdk_includes\isteamnetworking.h">
      <Filter>Includes\sdk_includes</Filter>
    </ClInclude>
    <ClInclude Include="sdk_includes\isteamnetworking001.h">
      <Filter>Includes\sdk_includes</Filter>
    </ClInclude>
    <ClInclude Include="sdk_includes\isteamnetworking002.h">
      <Filter>Includes\sdk_includes</Filter>
    </ClInclude>
    <ClInclude Include="sdk_includes\isteamnetworking003.h">
      <Filter>Includes\sdk_includes</Filter>
    </ClInclude>
    <ClInclude Include="sdk_includes\isteamnetworking004.h">
      <Filter>Includes\sdk_includes</Filter>
    </ClInclude>
    <ClInclude Include="sdk_includes\isteamnetworking005.h">
      <Filter>Includes\sdk_includes</Filter>
    </ClInclude>
    <ClInclude Include="sdk_includes\isteamnetworkingmessages.h">
      <Filter>Includes\sdk_includes</Filter>
    </ClInclude>
    <ClInclude Include="sdk_includes\isteamnetworkingsockets.h">
      <Filter>Includes\sdk_includes</Filter>
    </ClInclude>
    <ClInclude Include="sdk_includes\isteamnetworkingsockets001.h">
      <Filter>Includes\sdk_includes</Filter>
    </ClInclude>
    <ClInclude Include="sdk_includes\isteamnetworkingsockets002.h">
      <Filter>Includes\sdk_includes</Filter>
    </ClInclude>
    <ClInclude Include="sdk_includes\isteamnetworkingsockets003.h">
      <Filter>Includes\sdk_includes</Filter>
    </ClInclude>
    <ClInclude Include="sdk_includes\isteamnetworkingsockets004.h">
      <Filter>Includes\sdk_includes</Filter>
    </ClInclude>
    <ClInclude Include="sdk_includes\isteamnetworkingsockets006.h">
      <Filter>Includes\sdk_includes</Filter>
    </ClInclude>
    <ClInclude Include="sdk_includes\isteamnetworkingsockets008.h">
      <Filter>Includes\sdk_includes</Filter>
    </ClInclude>
    <ClInclude Include="sdk_includes\isteamnetworkingsockets009.h">
      <Filter>Includes\sdk_includes</Filter>
    </ClInclude>
    <ClInclude Include="sdk_includes\isteamnetworkingsocketsserialized.h">
      <Filter>Includes\sdk_includes</Filter>
    </ClInclude>
    <ClInclude Include="sdk_includes\isteamnetworkingutils.h">
      <Filter>Includes\sdk_includes</Filter>
    </ClInclude>
    <ClInclude Include="sdk_includes\isteamnetworkingutils001.h">
      <Filter>Includes\sdk_includes</Filter>
    </ClInclude>
    <ClInclude Include="sdk_includes\isteamnetworkingutils002.h">
      <Filter>Includes\sdk_includes</Filter>
    </ClInclude>
    <ClInclude Include="sdk_includes\isteamnetworkingutils003.h">
      <Filter>Includes\sdk_includes</Filter>
    </ClInclude>
    <ClInclude Include="sdk_includes\isteamparentalsettings.h">
      <Filter>Includes\sdk_includes</Filter>
    </ClInclude>
    <ClInclude Include="sdk_includes\isteamps3overlayrenderer.h">
      <Filter>Includes\sdk_includes</Filter>
    </ClInclude>
    <ClInclude Include="sdk_includes\isteamremoteplay.h">
      <Filter>Includes\sdk_includes</Filter>
    </ClInclude>
    <ClInclude Include="sdk_includes\isteamremotestorage.h">
      <Filter>Includes\sdk_includes</Filter>
    </ClInclude>
    <ClInclude Include="sdk_includes\isteamremotestorage001.h">
      <Filter>Includes\sdk_includes</Filter>
    </ClInclude>
    <ClInclude Include="sdk_includes\isteamremotestorage002.h">
      <Filter>Includes\sdk_includes</Filter>
    </ClInclude>
    <ClInclude Include="sdk_includes\isteamremotestorage003.h">
      <Filter>Includes\sdk_includes</Filter>
    </ClInclude>
    <ClInclude Include="sdk_includes\isteamremotestorage004.h">
      <Filter>Includes\sdk_includes</Filter>
    </ClInclude>
    <ClInclude Include="sdk_includes\isteamremotestorage005.h">
      <Filter>Includes\sdk_includes</Filter>
    </ClInclude>
    <ClInclude Include="sdk_includes\isteamremotestorage006.h">
      <Filter>Includes\sdk_includes</Filter>
    </ClInclude>
    <ClInclude Include="sdk_includes\isteamremotestorage007.h">
      <Filter>Includes\sdk_includes</Filter>
    </ClInclude>
    <ClInclude Include="sdk_includes\isteamremotestorage008.h">
      <Filter>Includes\sdk_includes</Filter>
    </ClInclude>
    <ClInclude Include="sdk_includes\isteamremotestorage009.h">
      <Filter>Includes\sdk_includes</Filter>
    </ClInclude>
    <ClInclude Include="sdk_includes\isteamremotestorage010.h">
      <Filter>Includes\sdk_includes</Filter>
    </ClInclude>
    <ClInclude Include="sdk_includes\isteamremotestorage011.h">
      <Filter>Includes\sdk_includes</Filter>
    </ClInclude>
    <ClInclude Include="sdk_includes\isteamremotestorage012.h">
      <Filter>Includes\sdk_includes</Filter>
    </ClInclude>
    <ClInclude Include="sdk_includes\isteamremotestorage013.h">
      <Filter>Includes\sdk_includes</Filter>
    </ClInclude>
    <ClInclude Include="sdk_includes\isteamremotestorage014.h">
      <Filter>Includes\sdk_includes</Filter>
    </ClInclude>
    <ClInclude Include="sdk_includes\isteamscreenshots.h">
      <Filter>Includes\sdk_includes</Filter>
    </ClInclude>
    <ClInclude Include="sdk_includes\isteamtv.h">
      <Filter>Includes\sdk_includes</Filter>
    </ClInclude>
    <ClInclude Include="sdk_includes\isteamugc.h">
      <Filter>Includes\sdk_includes</Filter>
    </ClInclude>
    <ClInclude Include="sdk_includes\isteamugc001.h">
      <Filter>Includes\sdk_includes</Filter>
    </ClInclude>
    <ClInclude Include="sdk_includes\isteamugc002.h">
      <Filter>Includes\sdk_includes</Filter>
    </ClInclude>
    <ClInclude Include="sdk_includes\isteamugc003.h">
      <Filter>Includes\sdk_includes</Filter>
    </ClInclude>
    <ClInclude Include="sdk_includes\isteamugc004.h">
      <Filter>Includes\sdk_includes</Filter>
    </ClInclude>
    <ClInclude Include="sdk_includes\isteamugc005.h">
      <Filter>Includes\sdk_includes</Filter>
    </ClInclude>
    <ClInclude Include="sdk_includes\isteamugc006.h">
      <Filter>Includes\sdk_includes</Filter>
    </ClInclude>
    <ClInclude Include="sdk_includes\isteamugc007.h">
      <Filter>Includes\sdk_includes</Filter>
    </ClInclude>
    <ClInclude Include="sdk_includes\isteamugc008.h">
      <Filter>Includes\sdk_includes</Filter>
    </ClInclude>
    <ClInclude Include="sdk_includes\isteamugc009.h">
      <Filter>Includes\sdk_includes</Filter>
    </ClInclude>
    <ClInclude Include="sdk_includes\isteamugc010.h">
      <Filter>Includes\sdk_includes</Filter>
    </ClInclude>
    <ClInclude Include="sdk_includes\isteamugc012.h">
      <Filter>Includes\sdk_includes</Filter>
    </ClInclude>
    <ClInclude Include="sdk_includes\isteamugc013.h">
      <Filter>Includes\sdk_includes</Filter>
    </ClInclude>
    <ClInclude Include="sdk_includes\isteamugc014.h">
      <Filter>Includes\sdk_includes</Filter>
    </ClInclude>
    <ClInclude Include="sdk_includes\isteamugc015.h">
      <Filter>Includes\sdk_includes</Filter>
    </ClInclude>
    <ClInclude Include="sdk_includes\isteamugc016.h">
      <Filter>Includes\sdk_includes</Filter>
    </ClInclude>
    <ClInclude Include="sdk_includes\isteamunifiedmessages.h">
      <Filter>Includes\sdk_includes</Filter>
    </ClInclude>
    <ClInclude Include="sdk_includes\isteamuser.h">
      <Filter>Includes\sdk_includes</Filter>
    </ClInclude>
    <ClInclude Include="sdk_includes\isteamuser009.h">
      <Filter>Includes\sdk_includes</Filter>
    </ClInclude>
    <ClInclude Include="sdk_includes\isteamuser010.h">
      <Filter>Includes\sdk_includes</Filter>
    </ClInclude>
    <ClInclude Include="sdk_includes\isteamuser011.h">
      <Filter>Includes\sdk_includes</Filter>
    </ClInclude>
    <ClInclude Include="sdk_includes\isteamuser012.h">
      <Filter>Includes\sdk_includes</Filter>
    </ClInclude>
    <ClInclude Include="sdk_includes\isteamuser013.h">
      <Filter>Includes\sdk_includes</Filter>
    </ClInclude>
    <ClInclude Include="sdk_includes\isteamuser014.h">
      <Filter>Includes\sdk_includes</Filter>
    </ClInclude>
    <ClInclude Include="sdk_includes\isteamuser015.h">
      <Filter>Includes\sdk_includes</Filter>
    </ClInclude>
    <ClInclude Include="sdk_includes\isteamuser016.h">
      <Filter>Includes\sdk_includes</Filter>
    </ClInclude>
    <ClInclude Include="sdk_includes\isteamuser017.h">
      <Filter>Includes\sdk_includes</Filter>
    </ClInclude>
    <ClInclude Include="sdk_includes\isteamuser018.h">
      <Filter>Includes\sdk_includes</Filter>
    </ClInclude>
    <ClInclude Include="sdk_includes\isteamuser019.h">
      <Filter>Includes\sdk_includes</Filter>
    </ClInclude>
    <ClInclude Include="sdk_includes\isteamuser020.h">
      <Filter>Includes\sdk_includes</Filter>
    </ClInclude>
    <ClInclude Include="sdk_includes\isteamuser021.h">
      <Filter>Includes\sdk_includes</Filter>
    </ClInclude>
    <ClInclude Include="sdk_includes\isteamuser022.h">
      <Filter>Includes\sdk_includes</Filter>
    </ClInclude>
    <ClInclude Include="sdk_includes\isteamuserstats.h">
      <Filter>Includes\sdk_includes</Filter>
    </ClInclude>
    <ClInclude Include="sdk_includes\isteamuserstats001.h">
      <Filter>Includes\sdk_includes</Filter>
    </ClInclude>
    <ClInclude Include="sdk_includes\isteamuserstats002.h">
      <Filter>Includes\sdk_includes</Filter>
    </ClInclude>
    <ClInclude Include="sdk_includes\isteamuserstats003.h">
      <Filter>Includes\sdk_includes</Filter>
    </ClInclude>
    <ClInclude Include="sdk_includes\isteamuserstats004.h">
      <Filter>Includes\sdk_includes</Filter>
    </ClInclude>
    <ClInclude Include="sdk_includes\isteamuserstats005.h">
      <Filter>Includes\sdk_includes</Filter>
    </ClInclude>
    <ClInclude Include="sdk_includes\isteamuserstats006.h">
      <Filter>Includes\sdk_includes</Filter>
    </ClInclude>
    <ClInclude Include="sdk_includes\isteamuserstats007.h">
      <Filter>Includes\sdk_includes</Filter>
    </ClInclude>
    <ClInclude Include="sdk_includes\isteamuserstats008.h">
      <Filter>Includes\sdk_includes</Filter>
    </ClInclude>
    <ClInclude Include="sdk_includes\isteamuserstats009.h">
      <Filter>Includes\sdk_includes</Filter>
    </ClInclude>
    <ClInclude Include="sdk_includes\isteamuserstats010.h">
      <Filter>Includes\sdk_includes</Filter>
    </ClInclude>
    <ClInclude Include="sdk_includes\isteamuserstats011.h">
      <Filter>Includes\sdk_includes</Filter>
    </ClInclude>
    <ClInclude Include="sdk_includes\isteamutils.h">
      <Filter>Includes\sdk_includes</Filter>
    </ClInclude>
    <ClInclude Include="sdk_includes\isteamutils002.h">
      <Filter>Includes\sdk_includes</Filter>
    </ClInclude>
    <ClInclude Include="sdk_includes\isteamutils003.h">
      <Filter>Includes\sdk_includes</Filter>
    </ClInclude>
    <ClInclude Include="sdk_includes\isteamutils004.h">
      <Filter>Includes\sdk_includes</Filter>
    </ClInclude>
    <ClInclude Include="sdk_includes\isteamutils005.h">
      <Filter>Includes\sdk_includes</Filter>
    </ClInclude>
    <ClInclude Include="sdk_includes\isteamutils006.h">
      <Filter>Includes\sdk_includes</Filter>
    </ClInclude>
    <ClInclude Include="sdk_includes\isteamutils007.h">
      <Filter>Includes\sdk_includes</Filter>
    </ClInclude>
    <ClInclude Include="sdk_includes\isteamutils008.h">
      <Filter>Includes\sdk_includes</Filter>
    </ClInclude>
    <ClInclude Include="sdk_includes\isteamutils009.h">
      <Filter>Includes\sdk_includes</Filter>
    </ClInclude>
    <ClInclude Include="sdk_includes\isteamvideo.h">
      <Filter>Includes\sdk_includes</Filter>
    </ClInclude>
    <ClInclude Include="sdk_includes\matchmakingtypes.h">
      <Filter>Includes\sdk_includes</Filter>
    </ClInclude>
    <ClInclude Include="sdk_includes\steam_api.h">
      <Filter>Includes\sdk_includes</Filter>
    </ClInclude>
    <ClInclude Include="sdk_includes\steam_api_common.h">
      <Filter>Includes\sdk_includes</Filter>
    </ClInclude>
    <ClInclude Include="sdk_includes\steam_api_flat.h">
      <Filter>Includes\sdk_includes</Filter>
    </ClInclude>
    <ClInclude Include="sdk_includes\steam_api_internal.h">
      <Filter>Includes\sdk_includes</Filter>
    </ClInclude>
    <ClInclude Include="sdk_includes\steam_gameserver.h">
      <Filter>Includes\sdk_includes</Filter>
    </ClInclude>
    <ClInclude Include="sdk_includes\steamclientpublic.h">
      <Filter>Includes\sdk_includes</Filter>
    </ClInclude>
    <ClInclude Include="sdk_includes\steamdatagram_ticketgen.h">
      <Filter>Includes\sdk_includes</Filter>
    </ClInclude>
    <ClInclude Include="sdk_includes\steamdatagram_tickets.h">
      <Filter>Includes\sdk_includes</Filter>
    </ClInclude>
    <ClInclude Include="sdk_includes\steamencryptedappticket.h">
      <Filter>Includes\sdk_includes</Filter>
    </ClInclude>
    <ClInclude Include="sdk_includes\steamhttpenums.h">
      <Filter>Includes\sdk_includes</Filter>
    </ClInclude>
    <ClInclude Include="sdk_includes\steamnetworkingfakeip.h">
      <Filter>Includes\sdk_includes</Filter>
    </ClInclude>
    <ClInclude Include="sdk_includes\steamnetworkingsockets.h">
      <Filter>Includes\sdk_includes</Filter>
    </ClInclude>
    <ClInclude Include="sdk_includes\steamnetworkingtypes.h">
      <Filter>Includes\sdk_includes</Filter>
    </ClInclude>
    <ClInclude Include="sdk_includes\steamps3params.h">
      <Filter>Includes\sdk_includes</Filter>
    </ClInclude>
    <ClInclude Include="sdk_includes\steamtypes.h">
      <Filter>Includes\sdk_includes</Filter>
    </ClInclude>
    <ClInclude Include="sdk_includes\steamuniverse.h">
      <Filter>Includes\sdk_includes</Filter>
    </ClInclude>
    <ClInclude Include="SteamVersionLogger.h">
      <Filter>Includes\Steam</Filter>
    </ClInclude>
    <ClInclude Include="SteamCoreForwarders.h">
      <Filter>Includes\Steam</Filter>
    </ClInclude>
    <ClInclude Include="SteamInterfaceRouter.h">
      <Filter>Includes\Steam</Filter>
    </ClInclude>
    <ClInclude Include="SteamIDManager.h">
      <Filter>Includes\Steam</Filter>
    </ClInclude>
    <ClInclude Include="SteamSessionManager.h">
      <Filter>Includes\Steam</Filter>
    </ClInclude>
    <ClInclude Include="SteamPacketLogger.h">
      <Filter>Includes\Steam</Filter>
    </ClInclude>
    <ClInclude Include="SteamP2PManager.h">
      <Filter>Includes\Steam</Filter>
    </ClInclude>
    <ClInclude Include="SteamAuth.h">
      <Filter>Includes\Steam</Filter>
    </ClInclude>
    <ClInclude Include="SteamFactoryRegistry.h">
      <Filter>Includes\Steam</Filter>
    </ClInclude>
    <ClInclude Include="SteamConfig.h">
      <Filter>Includes\Steam</Filter>
    </ClInclude>
    <ClInclude Include="SupportBundle.h">
      <Filter>Includes\Steam</Filter>
    </ClInclude>
    <ClInclude Include="SteamDiagnostics.h">
      <Filter>Includes\Steam</Filter>
    </ClInclude>
    <ClInclude Include="SteamCallbackManager.h">
      <Filter>Includes\Steam</Filter>
    </ClInclude>
    <ClInclude Include="SteamCallResultManager.h">
      <Filter>Includes\Steam</Filter>
    </ClInclude>
    <ClInclude Include="SteamLobbyManager.h">
      <Filter>Includes\Steam</Filter>
    </ClInclude>
    <ClInclude Include="SteamOfflineServer.h">
      <Filter>Includes\Steam</Filter>
    </ClInclude>
    <ClInclude Include="SteamPersonaManager.h">
      <Filter>Includes\Steam</Filter>
    </ClInclude>
    <ClInclude Include="SteamStorageLocal.h">
      <Filter>Includes\Steam</Filter>
    </ClInclude>
    <ClInclude Include="SteamStatsLocal.h">
      <Filter>Includes\Steam</Filter>
    </ClInclude>
    <ClInclude Include="imconfig.h">
      <Filter>Includes\imgui</Filter>
    </ClInclude>
    <ClInclude Include="imgui.h">
      <Filter>Includes\imgui</Filter>
    </ClInclude>
    <ClInclude Include="imgui_impl_dx11.h">
      <Filter>Includes\imgui</Filter>
    </ClInclude>
    <ClInclude Include="imgui_impl_win32.h">
      <Filter>Includes\imgui</Filter>
    </ClInclude>
    <ClInclude Include="imgui_internal.h">
      <Filter>Includes\imgui</Filter>
    </ClInclude>
    <ClInclude Include="imstb_rectpack.h">
      <Filter>Includes\imgui</Filter>
    </ClInclude>
    <ClInclude Include="imstb_textedit.h">
      <Filter>Includes\imgui</Filter>
    </ClInclude>
    <ClInclude Include="imstb_truetype.h">
      <Filter>Includes\imgui</Filter>
    </ClInclude>
    <ClInclude Include="DX11OverlayState.h">
      <Filter>Core\Overlay\Core</Filter>
    </ClInclude>
    <ClInclude Include="DX11OverlayInternal.h">
      <Filter>Core\Overlay\Core</Filter>
    </ClInclude>
    <ClInclude Include="FakeSteamBase.h">
      <Filter>Includes\Steam\Fake</Filter>
    </ClInclude>
    <ClInclude Include="FakeSteamCore.h">
      <Filter>Includes\Steam\Fake</Filter>
    </ClInclude>
    <ClInclude Include="FakeSteamInterfaces.h">
      <Filter>Includes\Steam\Fake</Filter>
    </ClInclude>
    <ClInclude Include="FrameworkAddon.h">
      <Filter>Core\Overlay\Core</Filter>
    </ClInclude>
    <ClInclude Include="WindowedFullscreen.h">
      <Filter>Core\Patches\WindoweFullscreen</Filter>
    </ClInclude>
    <ClInclude Include="SteamProxy.h">
      <Filter>Includes\Steam</Filter>
    </ClInclude>
    <ClInclude Include="ccCmnCamera.h">
      <Filter>Core\cyberconnect</Filter>
    </ClInclude>
    <ClInclude Include="ccCmnCameraDirector.h">
      <Filter>Core\cyberconnect</Filter>
    </ClInclude>
    <ClInclude Include="ccCmnScreenManager.h">
      <Filter>Core\cyberconnect</Filter>
    </ClInclude>
    <ClInclude Include="ccGameObjSubDraw.h">
      <Filter>Core\cyberconnect</Filter>
    </ClInclude>
    <ClInclude Include="ccPlayerMain.h">
      <Filter>Core\cyberconnect</Filter>
    </ClInclude>
    <ClInclude Include="ccSceneManager.h">
      <Filter>Core\cyberconnect</Filter>
    </ClInclude>
    <ClInclude Include="BGMManager.h">
      <Filter>Core\File\Manager</Filter>
    </ClInclude>
    <ClInclude Include="Common.h">
      <Filter>Core\hooks\Runtime</Filter>
    </ClInclude>
    <ClInclude Include="CommonRender.h">
      <Filter>Core\hooks\Runtime</Filter>
    </ClInclude>
    <ClInclude Include="Component.h">
      <Filter>Core\hooks\Runtime</Filter>
    </ClInclude>
    <ClInclude Include="Console.h">
      <Filter>Core\Overlay\Console</Filter>
    </ClInclude>
    <ClInclude Include="DebugContentLoader.h">
      <Filter>Core\ModLoader</Filter>
    </ClInclude>
    <ClInclude Include="DirectX.h">
      <Filter>Core\Overlay</Filter>
    </ClInclude>
    <ClInclude Include="EditorGUI.h">
      <Filter>Core\Overlay\Gui</Filter>
    </ClInclude>
    <ClInclude Include="DlcContentLoader.h">
      <Filter>Core\Patches\DLC</Filter>
    </ClInclude>
    <ClInclude Include="FileParser.h">
      <Filter>Core\File</Filter>
    </ClInclude>
    <ClInclude Include="HookFunctions.h">
      <Filter>Core\hooks</Filter>
    </ClInclude>
    <ClInclude Include="InputFocusGuard.h">
      <Filter>Core\Patches\Input</Filter>
    </ClInclude>
    <ClInclude Include="LuaScripts.h">
      <Filter>Core\Overlay\Lua</Filter>
    </ClInclude>
    <ClInclude Include="mem.h">
      <Filter>Core\hooks</Filter>
    </ClInclude>
    <ClInclude Include="ModManager.h">
      <Filter>Core\ModLoader</Filter>
    </ClInclude>
    <ClInclude Include="Mod.h">
      <Filter>Core\ModLoader</Filter>
    </ClInclude>
    <ClInclude Include="MouseLook.h">
      <Filter>Core\Patches\Input</Filter>
    </ClInclude>
    <ClInclude Include="Offsets.h">
      <Filter>Core\hooks</Filter>
    </ClInclude>
    <ClInclude Include="MovesetPlus.h">
      <Filter>Core\Game\Movment</Filter>
    </ClInclude>
    <ClInclude Include="OugiAwakeningParam.h">
      <Filter>Core\Game\Awakening</Filter>
    </ClInclude>
    <ClInclude Include="GuardEffectParam.h">
      <Filter>Core\Game\Guard</Filter>
    </ClInclude>
    <ClInclude Include="GudoBallParam.h">
      <Filter>Core\Game\GudoBall</Filter>
    </ClInclude>
    <ClInclude Include="ConditionPrmManager.h">
      <Filter>Core\Game</Filter>
    </ClInclude>
    <ClInclude Include="CharRelationParam.h">
      <Filter>Core\Game\Char</Filter>
    </ClInclude>
    <ClInclude Include="PartnerSlotParam.h">
      <Filter>Core\Game\PartnerSlot</Filter>
    </ClInclude>
    <ClInclude Include="PatternScan.h">
      <Filter>Core\Game\Scanner</Filter>
    </ClInclude>
    <ClInclude Include="PlAnmList.h">
      <Filter>Core\hooks</Filter>
    </ClInclude>
    <ClInclude Include="Plugin.h">
      <Filter>Core\hooks</Filter>
    </ClInclude>
    <ClInclude Include="PluginManager.h">
      <Filter>Core\ModLoader</Filter>
    </ClInclude>
    <ClInclude Include="ProjectileManager.h">
      <Filter>Core\Game\Projectile</Filter>
    </ClInclude>
    <ClInclude Include="Scene.h">
      <Filter>Core\Game\Scene</Filter>
    </ClInclude>
    <ClInclude Include="SpecialConditionParam.h">
      <Filter>Core\Game\SpecialCondition</Filter>
    </ClInclude>
    <ClInclude Include="SpecialInteractionManager.h">
      <Filter>Core\Game\SpecialInteraction</Filter>
    </ClInclude>
    <ClInclude Include="SusanooCondParam.h">
      <Filter>Core\Game\SusanooCond</Filter>
    </ClInclude>
    <ClInclude Include="TeamUltimateJutsuManager.h">
      <Filter>Core\Game\TeamUltimateJutsu</Filter>
    </ClInclude>
    <ClInclude Include="StdInc.h" />
    <ClInclude Include="enet_time.h">
      <Filter>Core\Network</Filter>
    </ClInclude>
    <ClInclude Include="StormAPIBridge.h">
      <Filter>Includes\API</Filter>
    </ClInclude>
    <ClInclude Include="UltimateStormAPI.h">
      <Filter>Includes\API</Filter>
    </ClInclude>
    <ClInclude Include="Utilities.h">
      <Filter>Includes\API</Filter>
    </ClInclude>
    <ClInclude Include="Vector3.h">
      <Filter>Includes\API</Filter>
    </ClInclude>
    <ClInclude Include="Research\Character\CharacterResearch.h" />
    <ClInclude Include="Research\Combat\CombatResearch.h" />
    <ClInclude Include="Research\Core\ResearchTypes.h" />
    <ClInclude Include="Research\FreePlay\FreePlayResearch.h" />
    <ClInclude Include="Research\OnlineMenu\OnlineMenuResearch.h" />
    <ClInclude Include="Research\Settings\SettingsResearch.h" />
    <ClInclude Include="Research\Shop\ShopUnlockResearch.h" />
    <ClInclude Include="Research\Stage\StageResearch.h" />
    <ClInclude Include="Research\Story\StoryResearch.h" />
    <ClInclude Include="Storm4IdaRuntime.h" />
    <ClInclude Include="callbacks.h" />
    <ClInclude Include="ccGeneralGameFunctions.h" />
    <ClInclude Include="ccPlayer.h" />
    <ClInclude Include="enet.h" />
    <ClInclude Include="GameMath.h" />
    <ClInclude Include="GraphicSettings.h" />
    <ClInclude Include="list.h" />
    <ClInclude Include="MergedExtra_Common.h" />
    <ClInclude Include="MergedExtra_Console.h" />
    <ClInclude Include="MergedExtra_DirectX.h" />
    <ClInclude Include="MergedExtra_EditorGUI.h" />
    <ClInclude Include="MergedExtra_FileParser.h" />
    <ClInclude Include="MergedExtra_HookFunctions.h" />
    <ClInclude Include="MergedExtra_Mod.h" />
    <ClInclude Include="MergedExtra_ModManager.h" />
    <ClInclude Include="MergedExtra_PatternScan.h" />
    <ClInclude Include="MergedExtra_Plugin.h" />
    <ClInclude Include="MergedExtra_Vector3.h" />
    <ClInclude Include="MessageManager.h" />
    <ClInclude Include="PatchManager.h" />
    <ClInclude Include="protocol.h" />
    <ClInclude Include="types.h" />
    <ClInclude Include="unix.h" />
    <ClInclude Include="utility.h" />
    <ClInclude Include="win32.h" />
    <ClInclude Include="ztRpgMain.h" />
  </ItemGroup>
  <ItemGroup>
    <Library Include="$(MinHookLibName)" />
    <Library Include="$(MinHookLibName)" />
  </ItemGroup>
  <ItemGroup>
    <ClCompile Include="AudioPlayer.cpp">
      <Filter>Core\Audio</Filter>
    </ClCompile>
    <ClCompile Include="CpkLoader.cpp">
      <Filter>Core\File\Manager</Filter>
    </ClCompile>
    <ClCompile Include="DX11OverlayPageDebug.cpp">
      <Filter>Core\Overlay\Pages</Filter>
    </ClCompile>
    <ClCompile Include="DX11OverlayPageApi.cpp">
      <Filter>Core\Overlay\Pages</Filter>
    </ClCompile>
    <ClCompile Include="DX11OverlayPageGame.cpp">
      <Filter>Core\Overlay\Pages</Filter>
    </ClCompile>
    <ClCompile Include="Input.cpp">
      <Filter>Core\Input</Filter>
    </ClCompile>
    <ClCompile Include="LuaUtilities.cpp">
      <Filter>Core\Overlay\Lua</Filter>
    </ClCompile>
    <ClCompile Include="PartnerManager.cpp">
      <Filter>Core\Game\PartnerSlot</Filter>
    </ClCompile>
    <ClCompile Include="Plugin.cpp">
      <Filter>Core\ModLoader</Filter>
    </ClCompile>
    <ClCompile Include="SpecialConditionManager.cpp">
      <Filter>Core\Game\SpecialCondition</Filter>
    </ClCompile>
    <ClCompile Include="RuntimeFeatureRegistry.cpp">
      <Filter>Includes\API</Filter>
    </ClCompile>
    <ClCompile Include="SlotExpansionManager.cpp">
      <Filter>Core\Game</Filter>
    </ClCompile>
    <ClCompile Include="CharacterSlotExpansionManager.cpp">
      <Filter>Core\Game</Filter>
    </ClCompile>
    <ClCompile Include="XfbinParser.cpp">
      <Filter>Core\File</Filter>
    </ClCompile>
  </ItemGroup>
  <ItemGroup>
    <ClInclude Include="AudioPlayer.h">
      <Filter>Core\Audio</Filter>
    </ClInclude>
    <ClInclude Include="CpkLoader.h">
      <Filter>Core\File\Manager</Filter>
    </ClInclude>
    <ClInclude Include="Input.h">
      <Filter>Core\Input</Filter>
    </ClInclude>
    <ClInclude Include="LuaUtilities.h">
      <Filter>Core\Overlay\Lua</Filter>
    </ClInclude>
    <ClInclude Include="NS4Framework.h">
      <Filter>Core\Bridge</Filter>
    </ClInclude>
    <ClInclude Include="PartnerManager.h">
      <Filter>Core\Game\PartnerSlot</Filter>
    </ClInclude>
    <ClInclude Include="Savefile.h">
      <Filter>Core\File</Filter>
    </ClInclude>
    <ClInclude Include="SpecialConditionManager.h">
      <Filter>Core\Game\SpecialCondition</Filter>
    </ClInclude>
    <ClInclude Include="RuntimeFeatureRegistry.h">
      <Filter>Includes\API</Filter>
    </ClInclude>
    <ClInclude Include="SlotExpansionManager.h">
      <Filter>Core\Game</Filter>
    </ClInclude>
    <ClInclude Include="CharacterSlotExpansionManager.h">
      <Filter>Core\Game</Filter>
    </ClInclude>
    <ClInclude Include="XfbinParser.h">
      <Filter>Core\File</Filter>
    </ClInclude>
    <ClInclude Include="MergedExtra_Console.h">
      <Filter>Merged\Extra</Filter>
    </ClInclude>
    <ClInclude Include="MergedExtra_DirectX.h">
      <Filter>Merged\Extra</Filter>
    </ClInclude>
    <ClInclude Include="MergedExtra_EditorGUI.h">
      <Filter>Merged\Extra</Filter>
    </ClInclude>
    <ClInclude Include="MergedExtra_FileParser.h">
      <Filter>Merged\Extra</Filter>
    </ClInclude>
    <ClInclude Include="MergedExtra_HookFunctions.h">
      <Filter>Merged\Extra</Filter>
    </ClInclude>
    <ClInclude Include="MergedExtra_Mod.h">
      <Filter>Merged\Extra</Filter>
    </ClInclude>
    <ClInclude Include="MergedExtra_ModManager.h">
      <Filter>Merged\Extra</Filter>
    </ClInclude>
    <ClInclude Include="MergedExtra_PatternScan.h">
      <Filter>Merged\Extra</Filter>
    </ClInclude>
    <ClInclude Include="MergedExtra_Plugin.h">
      <Filter>Merged\Extra</Filter>
    </ClInclude>
    <ClInclude Include="MergedExtra_Vector3.h">
      <Filter>Merged\Extra</Filter>
    </ClInclude>
  </ItemGroup>
  <ItemGroup>
    <None Include="MergedExtra_DirectX.cpp">
      <Filter>Merged\Extra</Filter>
    </None>
    <None Include="MergedExtra_EditorGUI.cpp">
      <Filter>Merged\Extra</Filter>
    </None>
    <None Include="MergedExtra_FileParser.cpp">
      <Filter>Merged\Extra</Filter>
    </None>
    <None Include="MergedExtra_HookFunctions.cpp">
      <Filter>Merged\Extra</Filter>
    </None>
    <None Include="MergedExtra_PatternScan.cpp">
      <Filter>Merged\Extra</Filter>
    </None>
    <None Include="MergedNested_InputFocusGuard.cpp">
      <Filter>Merged\Nested</Filter>
    </None>
    <None Include="NS4Framework.cpp">
      <Filter>Core\Bridge</Filter>
    </None>
    <None Include="ccGeneralGameFunctions.cpp">
      <Filter>Core\cyberconnect</Filter>
    </None>
    <None Include="Savefile.cpp">
      <Filter>Core\File</Filter>
    </None>
    <None Include="Vector3.cpp">
      <Filter>Includes\API</Filter>
    </None>
    <None Include="ztRpgMain.cpp">
      <Filter>Core\Game</Filter>
    </None>
    <None Include="lua\etc\lua.hpp">
      <Filter>ThirdParty\Lua</Filter>
    </None>
    <None Include="lua\etc\lua.ico">
      <Filter>ThirdParty\Lua</Filter>
    </None>
    <None Include="lua\etc\lua.pc">
      <Filter>ThirdParty\Lua</Filter>
    </None>
    <None Include="lua\etc\luavs.bat">
      <Filter>ThirdParty\Lua</Filter>
    </None>
    <None Include="lua\etc\min.c">
      <Filter>ThirdParty\Lua</Filter>
    </None>
    <None Include="lua\etc\noparser.c">
      <Filter>ThirdParty\Lua</Filter>
    </None>
    <None Include="lua\etc\README">
      <Filter>ThirdParty\Lua</Filter>
    </None>
    <None Include="lua\etc\strict.lua">
      <Filter>ThirdParty\Lua</Filter>
    </None>
    <None Include="lua\src\lapi.h">
      <Filter>ThirdParty\Lua</Filter>
    </None>
    <None Include="lua\src\lauxlib.c">
      <Filter>ThirdParty\Lua</Filter>
    </None>
    <None Include="lua\src\lauxlib.h">
      <Filter>ThirdParty\Lua</Filter>
    </None>
    <None Include="lua\src\lbaselib.c">
      <Filter>ThirdParty\Lua</Filter>
    </None>
    <None Include="lua\src\lcode.c">
      <Filter>ThirdParty\Lua</Filter>
    </None>
    <None Include="lua\src\lcode.h">
      <Filter>ThirdParty\Lua</Filter>
    </None>
    <None Include="lua\src\ldblib.c">
      <Filter>ThirdParty\Lua</Filter>
    </None>
    <None Include="lua\src\ldebug.c">
      <Filter>ThirdParty\Lua</Filter>
    </None>
    <None Include="lua\src\ldebug.h">
      <Filter>ThirdParty\Lua</Filter>
    </None>
    <None Include="lua\src\ldo.c">
      <Filter>ThirdParty\Lua</Filter>
    </None>
    <None Include="lua\src\ldo.h">
      <Filter>ThirdParty\Lua</Filter>
    </None>
    <None Include="lua\src\ldump.c">
      <Filter>ThirdParty\Lua</Filter>
    </None>
    <None Include="lua\src\lfunc.c">
      <Filter>ThirdParty\Lua</Filter>
    </None>
    <None Include="lua\src\lfunc.h">
      <Filter>ThirdParty\Lua</Filter>
    </None>
    <None Include="lua\src\lgc.c">
      <Filter>ThirdParty\Lua</Filter>
    </None>
    <None Include="lua\src\lgc.h">
      <Filter>ThirdParty\Lua</Filter>
    </None>
    <None Include="lua\src\linit.c">
      <Filter>ThirdParty\Lua</Filter>
    </None>
    <None Include="lua\src\liolib.c">
      <Filter>ThirdParty\Lua</Filter>
    </None>
    <None Include="lua\src\llex.c">
      <Filter>ThirdParty\Lua</Filter>
    </None>
    <None Include="lua\src\llex.h">
      <Filter>ThirdParty\Lua</Filter>
    </None>
    <None Include="lua\src\llimits.h">
      <Filter>ThirdParty\Lua</Filter>
    </None>
    <None Include="lua\src\lmathlib.c">
      <Filter>ThirdParty\Lua</Filter>
    </None>
    <None Include="lua\src\lmem.c">
      <Filter>ThirdParty\Lua</Filter>
    </None>
    <None Include="lua\src\lmem.h">
      <Filter>ThirdParty\Lua</Filter>
    </None>
    <None Include="lua\src\loadlib.c">
      <Filter>ThirdParty\Lua</Filter>
    </None>
    <None Include="lua\src\lobject.c">
      <Filter>ThirdParty\Lua</Filter>
    </None>
    <None Include="lua\src\lobject.h">
      <Filter>ThirdParty\Lua</Filter>
    </None>
    <None Include="lua\src\lopcodes.c">
      <Filter>ThirdParty\Lua</Filter>
    </None>
    <None Include="lua\src\lopcodes.h">
      <Filter>ThirdParty\Lua</Filter>
    </None>
    <None Include="lua\src\loslib.c">
      <Filter>ThirdParty\Lua</Filter>
    </None>
    <None Include="lua\src\lparser.c">
      <Filter>ThirdParty\Lua</Filter>
    </None>
    <None Include="lua\src\lparser.h">
      <Filter>ThirdParty\Lua</Filter>
    </None>
    <None Include="lua\src\lstate.c">
      <Filter>ThirdParty\Lua</Filter>
    </None>
    <None Include="lua\src\lstate.h">
      <Filter>ThirdParty\Lua</Filter>
    </None>
    <None Include="lua\src\lstring.c">
      <Filter>ThirdParty\Lua</Filter>
    </None>
    <None Include="lua\src\lstring.h">
      <Filter>ThirdParty\Lua</Filter>
    </None>
    <None Include="lua\src\lstrlib.c">
      <Filter>ThirdParty\Lua</Filter>
    </None>
    <None Include="lua\src\ltable.c">
      <Filter>ThirdParty\Lua</Filter>
    </None>
    <None Include="lua\src\ltable.h">
      <Filter>ThirdParty\Lua</Filter>
    </None>
    <None Include="lua\src\ltablib.c">
      <Filter>ThirdParty\Lua</Filter>
    </None>
    <None Include="lua\src\ltm.c">
      <Filter>ThirdParty\Lua</Filter>
    </None>
    <None Include="lua\src\ltm.h">
      <Filter>ThirdParty\Lua</Filter>
    </None>
    <None Include="lua\src\lua.c">
      <Filter>ThirdParty\Lua</Filter>
    </None>
    <None Include="lua\src\lua.h">
      <Filter>ThirdParty\Lua</Filter>
    </None>
    <None Include="lua\src\luac.c">
      <Filter>ThirdParty\Lua</Filter>
    </None>
    <None Include="lua\src\luaconf.h">
      <Filter>ThirdParty\Lua</Filter>
    </None>
    <None Include="lua\src\lualib.h">
      <Filter>ThirdParty\Lua</Filter>
    </None>
    <None Include="lua\src\lundump.c">
      <Filter>ThirdParty\Lua</Filter>
    </None>
    <None Include="lua\src\lundump.h">
      <Filter>ThirdParty\Lua</Filter>
    </None>
    <None Include="lua\src\lvm.c">
      <Filter>ThirdParty\Lua</Filter>
    </None>
    <None Include="lua\src\lvm.h">
      <Filter>ThirdParty\Lua</Filter>
    </None>
    <None Include="lua\src\lzio.c">
      <Filter>ThirdParty\Lua</Filter>
    </None>
    <None Include="lua\src\lzio.h">
      <Filter>ThirdParty\Lua</Filter>
    </None>
    <None Include="lua\src\print.c">
      <Filter>ThirdParty\Lua</Filter>
    </None>
    <None Include="lua\test\cf.lua">
      <Filter>ThirdParty\Lua</Filter>
    </None>
    <None Include="lua\test\echo.lua">
      <Filter>ThirdParty\Lua</Filter>
    </None>
    <None Include="lua\test\env.lua">
      <Filter>ThirdParty\Lua</Filter>
    </None>
    <None Include="lua\test\factorial.lua">
      <Filter>ThirdParty\Lua</Filter>
    </None>
    <None Include="lua\test\fib.lua">
      <Filter>ThirdParty\Lua</Filter>
    </None>
    <None Include="lua\test\fibfor.lua">
      <Filter>ThirdParty\Lua</Filter>
    </None>
    <None Include="lua\test\globals.lua">
      <Filter>ThirdParty\Lua</Filter>
    </None>
    <None Include="lua\test\hello.lua">
      <Filter>ThirdParty\Lua</Filter>
    </None>
    <None Include="lua\test\life.lua">
      <Filter>ThirdParty\Lua</Filter>
    </None>
    <None Include="lua\test\luac.lua">
      <Filter>ThirdParty\Lua</Filter>
    </None>
    <None Include="lua\test\printf.lua">
      <Filter>ThirdParty\Lua</Filter>
    </None>
    <None Include="lua\test\README">
      <Filter>ThirdParty\Lua</Filter>
    </None>
    <None Include="lua\test\readonly.lua">
      <Filter>ThirdParty\Lua</Filter>
    </None>
    <None Include="lua\test\sieve.lua">
      <Filter>ThirdParty\Lua</Filter>
    </None>
    <None Include="lua\test\sort.lua">
      <Filter>ThirdParty\Lua</Filter>
    </None>
    <None Include="lua\test\table.lua">
      <Filter>ThirdParty\Lua</Filter>
    </None>
    <None Include="lua\test\trace-calls.lua">
      <Filter>ThirdParty\Lua</Filter>
    </None>
    <None Include="lua\test\trace-globals.lua">
      <Filter>ThirdParty\Lua</Filter>
    </None>
    <None Include="lua\test\xd.lua">
      <Filter>ThirdParty\Lua</Filter>
    </None>
    <None Include="libMinHook.x64.lib">
      <Filter>ThirdParty\Libraries</Filter>
    </None>
    <None Include="imgui_demo.cpp">
      <Filter>Core\logger</Filter>
    </None>
    <None Include="libMinHook.x64.lib" />
    <None Include="enet64.lib" />
    <None Include="MergedExtra_Console.cpp">
      <Filter>Core\logger</Filter>
    </None>
    <None Include="MergedExtra_DirectX.cpp">
      <Filter>Core\logger</Filter>
    </None>
    <None Include="MergedExtra_EditorGUI.cpp">
      <Filter>Core\logger</Filter>
    </None>
    <None Include="MergedExtra_FileParser.cpp">
      <Filter>Core\logger</Filter>
    </None>
    <None Include="MergedExtra_HookFunctions.cpp">
      <Filter>Core\logger</Filter>
    </None>
    <None Include="MergedExtra_PatternScan.cpp">
      <Filter>Core\logger</Filter>
    </None>
    <None Include="MergedNested_DX11OverlayPageClient.cpp">
      <Filter>Core\logger</Filter>
    </None>
    <None Include="MergedNested_InputFocusGuard.cpp">
      <Filter>Core\logger</Filter>
    </None>
    <None Include="lua\etc\all.c">
      <Filter>Core\logger</Filter>
    </None>
    <None Include="lua\etc\lua.hpp" />
    <None Include="lua\etc\lua.ico" />
    <None Include="lua\etc\lua.pc" />
    <None Include="lua\etc\luavs.bat">
      <Filter>Core\logger</Filter>
    </None>
    <None Include="lua\etc\min.c">
      <Filter>Core\logger</Filter>
    </None>
    <None Include="lua\etc\noparser.c">
      <Filter>Core\logger</Filter>
    </None>
    <None Include="lua\etc\strict.lua" />
    <None Include="lua\src\lapi.c">
      <Filter>Core\logger</Filter>
    </None>
    <None Include="lua\src\lapi.h" />
    <None Include="lua\src\lauxlib.c">
      <Filter>Core\logger</Filter>
    </None>
    <None Include="lua\src\lauxlib.h" />
    <None Include="lua\src\lbaselib.c">
      <Filter>Core\logger</Filter>
    </None>
    <None Include="lua\src\lcode.c">
      <Filter>Core\logger</Filter>
    </None>
    <None Include="lua\src\lcode.h" />
    <None Include="lua\src\ldblib.c">
      <Filter>Core\logger</Filter>
    </None>
    <None Include="lua\src\ldebug.c">
      <Filter>Core\logger</Filter>
    </None>
    <None Include="lua\src\ldebug.h" />
    <None Include="lua\src\ldo.c">
      <Filter>Core\logger</Filter>
    </None>
    <None Include="lua\src\ldo.h" />
    <None Include="lua\src\ldump.c">
      <Filter>Core\logger</Filter>
    </None>
    <None Include="lua\src\lfunc.c">
      <Filter>Core\logger</Filter>
    </None>
    <None Include="lua\src\lfunc.h" />
    <None Include="lua\src\lgc.c">
      <Filter>Core\logger</Filter>
    </None>
    <None Include="lua\src\lgc.h" />
    <None Include="lua\src\linit.c">
      <Filter>Core\logger</Filter>
    </None>
    <None Include="lua\src\liolib.c">
      <Filter>Core\logger</Filter>
    </None>
    <None Include="lua\src\llex.c">
      <Filter>Core\logger</Filter>
    </None>
    <None Include="lua\src\llex.h" />
    <None Include="lua\src\llimits.h" />
    <None Include="lua\src\lmathlib.c">
      <Filter>Core\logger</Filter>
    </None>
    <None Include="lua\src\lmem.c">
      <Filter>Core\logger</Filter>
    </None>
    <None Include="lua\src\lmem.h" />
    <None Include="lua\src\loadlib.c">
      <Filter>Core\logger</Filter>
    </None>
    <None Include="lua\src\lobject.c">
      <Filter>Core\logger</Filter>
    </None>
    <None Include="lua\src\lobject.h" />
    <None Include="lua\src\lopcodes.c">
      <Filter>Core\logger</Filter>
    </None>
    <None Include="lua\src\lopcodes.h" />
    <None Include="lua\src\loslib.c">
      <Filter>Core\logger</Filter>
    </None>
    <None Include="lua\src\lparser.c">
      <Filter>Core\logger</Filter>
    </None>
    <None Include="lua\src\lparser.h" />
    <None Include="lua\src\lstate.c">
      <Filter>Core\logger</Filter>
    </None>
    <None Include="lua\src\lstate.h" />
    <None Include="lua\src\lstring.c">
      <Filter>Core\logger</Filter>
    </None>
    <None Include="lua\src\lstring.h" />
    <None Include="lua\src\lstrlib.c">
      <Filter>Core\logger</Filter>
    </None>
    <None Include="lua\src\ltable.c">
      <Filter>Core\logger</Filter>
    </None>
    <None Include="lua\src\ltable.h" />
    <None Include="lua\src\ltablib.c">
      <Filter>Core\logger</Filter>
    </None>
    <None Include="lua\src\ltm.c">
      <Filter>Core\logger</Filter>
    </None>
    <None Include="lua\src\ltm.h" />
    <None Include="lua\src\lua.c">
      <Filter>Core\logger</Filter>
    </None>
    <None Include="lua\src\lua.h" />
    <None Include="lua\src\luac.c">
      <Filter>Core\logger</Filter>
    </None>
    <None Include="lua\src\luaconf.h" />
    <None Include="lua\src\lualib.h" />
    <None Include="lua\src\lundump.c">
      <Filter>Core\logger</Filter>
    </None>
    <None Include="lua\src\lundump.h" />
    <None Include="lua\src\lvm.c">
      <Filter>Core\logger</Filter>
    </None>
    <None Include="lua\src\lvm.h" />
    <None Include="lua\src\lzio.c">
      <Filter>Core\logger</Filter>
    </None>
    <None Include="lua\src\lzio.h" />
    <None Include="lua\src\print.c">
      <Filter>Core\logger</Filter>
    </None>
    <None Include="lua\test\bisect.lua" />
    <None Include="lua\test\cf.lua" />
    <None Include="lua\test\echo.lua" />
    <None Include="lua\test\env.lua" />
    <None Include="lua\test\factorial.lua" />
    <None Include="lua\test\fib.lua" />
    <None Include="lua\test\fibfor.lua" />
    <None Include="lua\test\globals.lua" />
    <None Include="lua\test\hello.lua" />
    <None Include="lua\test\life.lua" />
    <None Include="lua\test\luac.lua" />
    <None Include="lua\test\printf.lua" />
    <None Include="lua\test\readonly.lua" />
    <None Include="lua\test\sieve.lua" />
    <None Include="lua\test\sort.lua" />
    <None Include="lua\test\table.lua" />
    <None Include="lua\test\trace-calls.lua" />
    <None Include="lua\test\trace-globals.lua" />
    <None Include="lua\test\xd.lua" />
    <None Include="sdk_includes\*.cpp">
      <Filter>Core\logger</Filter>
    </None>
    <None Include="sdk_includes\*.cpp">
      <Filter>Core\logger</Filter>
    </None>
    <None Include="sdk_includes\*.cpp">
      <Filter>Core\logger</Filter>
    </None>
  </ItemGroup>
  <!-- BEGIN OnlineMenu Codex managed items -->
  <ItemGroup>
    <Filter Include="OnlineMenu">
      <UniqueIdentifier>{B5E927D7-D617-4C87-8D24-8FAA8D9389ED}</UniqueIdentifier>
    </Filter>
    <Filter Include="OnlineMenu\AddressBook">
      <UniqueIdentifier>{84D3EA7D-25E0-44E5-AD53-D9703ED6B68F}</UniqueIdentifier>
    </Filter>
    <Filter Include="OnlineMenu\Addresses">
      <UniqueIdentifier>{B8880159-D6B3-44BC-B884-84D3B1B69120}</UniqueIdentifier>
    </Filter>
    <Filter Include="OnlineMenu\BossBattle">
      <UniqueIdentifier>{24F5D724-B754-47A0-B73F-2D3DD2C3AAA8}</UniqueIdentifier>
    </Filter>
    <Filter Include="OnlineMenu\Buttons">
      <UniqueIdentifier>{22C570C4-FD11-4B97-AD1B-7A5C37466CF3}</UniqueIdentifier>
    </Filter>
    <Filter Include="OnlineMenu\Character_Costume">
      <UniqueIdentifier>{0072D758-6F3C-41EB-B474-65152DC186FF}</UniqueIdentifier>
    </Filter>
    <Filter Include="OnlineMenu\Combat">
      <UniqueIdentifier>{DFFED3D8-3379-4ACE-B1DB-799D1D4758D6}</UniqueIdentifier>
    </Filter>
    <Filter Include="OnlineMenu\Config">
      <UniqueIdentifier>{4EFCD057-D9B2-497C-8F97-3BF885B0C41C}</UniqueIdentifier>
    </Filter>
    <Filter Include="OnlineMenu\Core">
      <UniqueIdentifier>{A4BA281F-41C9-423D-A7EB-73AEB8CA10AE}</UniqueIdentifier>
    </Filter>
    <Filter Include="OnlineMenu\CustomMenu">
      <UniqueIdentifier>{C47B92FE-756D-4E7D-A8E0-A8ED2DDDFE93}</UniqueIdentifier>
    </Filter>
    <Filter Include="OnlineMenu\Dialogs">
      <UniqueIdentifier>{D5D2855F-B6DD-4BB7-B1E8-98B6A8C7B676}</UniqueIdentifier>
    </Filter>
    <Filter Include="OnlineMenu\Flash">
      <UniqueIdentifier>{7B6A4DFF-B84A-4CB7-972C-9FB060BFBE66}</UniqueIdentifier>
    </Filter>
    <Filter Include="OnlineMenu\FlashTracer">
      <UniqueIdentifier>{CC903B54-5B6B-434C-B9EE-30618DE250E2}</UniqueIdentifier>
    </Filter>
    <Filter Include="OnlineMenu\Help">
      <UniqueIdentifier>{18A42BA3-A24E-447D-8812-D99813BBF776}</UniqueIdentifier>
    </Filter>
    <Filter Include="OnlineMenu\Hooks">
      <UniqueIdentifier>{731A7FCE-6534-4605-8032-E59B3ED36FF9}</UniqueIdentifier>
    </Filter>
    <Filter Include="OnlineMenu\LAN_Radmin_Research">
      <UniqueIdentifier>{7A3E2453-335E-4567-97B9-02F8A8A350DB}</UniqueIdentifier>
    </Filter>
    <Filter Include="OnlineMenu\Leaderboard">
      <UniqueIdentifier>{F7F050AF-87ED-41AD-B744-E79C0A2471A3}</UniqueIdentifier>
    </Filter>
    <Filter Include="OnlineMenu\Lobby">
      <UniqueIdentifier>{048DE9D0-F5BC-44F2-955E-148443C15862}</UniqueIdentifier>
    </Filter>
    <Filter Include="OnlineMenu\MainMenu">
      <UniqueIdentifier>{143DCDC7-F3BD-4E5A-BAF2-6312700FFEA3}</UniqueIdentifier>
    </Filter>
    <Filter Include="OnlineMenu\Matchmaking">
      <UniqueIdentifier>{92C7042A-B4F3-4B7F-A7C0-FDC54EE620A9}</UniqueIdentifier>
    </Filter>
    <Filter Include="OnlineMenu\Models">
      <UniqueIdentifier>{09CA572C-02EE-42D4-B819-96EC25E63DAA}</UniqueIdentifier>
    </Filter>
    <Filter Include="OnlineMenu\NetworkTrace">
      <UniqueIdentifier>{246A74E5-7CC2-4E74-840A-C091CD476A9E}</UniqueIdentifier>
    </Filter>
    <Filter Include="OnlineMenu\News">
      <UniqueIdentifier>{0571E620-749B-4DD4-B596-FD6E2E73C06E}</UniqueIdentifier>
    </Filter>
    <Filter Include="OnlineMenu\Next_IDA_Targets">
      <UniqueIdentifier>{E3466171-120D-4FE9-B78F-29572B7BA3C3}</UniqueIdentifier>
    </Filter>
    <Filter Include="OnlineMenu\OnlineMenu">
      <UniqueIdentifier>{4E8FD606-775D-443D-929B-6637C3F5F714}</UniqueIdentifier>
    </Filter>
    <Filter Include="OnlineMenu\PlayerList">
      <UniqueIdentifier>{1C550758-9807-4B47-AD5C-1933F14FF78A}</UniqueIdentifier>
    </Filter>
    <Filter Include="OnlineMenu\Research">
      <UniqueIdentifier>{57627F9F-589D-4A76-B7F3-9ACA48C363BD}</UniqueIdentifier>
    </Filter>
    <Filter Include="OnlineMenu\RoomBrowser">
      <UniqueIdentifier>{0285DD98-99F2-4169-A5B6-25EBF114C658}</UniqueIdentifier>
    </Filter>
    <Filter Include="OnlineMenu\Scenario_GPSetting">
      <UniqueIdentifier>{DABAE045-ECBB-4F92-BC01-9A467A13E0C5}</UniqueIdentifier>
    </Filter>
    <Filter Include="OnlineMenu\Settings">
      <UniqueIdentifier>{743616D9-71B1-4901-BB2A-B1E51A915865}</UniqueIdentifier>
    </Filter>
    <Filter Include="OnlineMenu\Stage">
      <UniqueIdentifier>{9BFDB1BF-D040-4A1D-A6DA-616CC1F566F9}</UniqueIdentifier>
    </Filter>
    <Filter Include="OnlineMenu\Statistics">
      <UniqueIdentifier>{1D597FF0-62BD-4F9F-89F3-107939D065F4}</UniqueIdentifier>
    </Filter>
    <Filter Include="OnlineMenu\Store">
      <UniqueIdentifier>{C3678101-B843-4EE6-88D2-CE732052DF93}</UniqueIdentifier>
    </Filter>
    <Filter Include="OnlineMenu\VoiceStatus">
      <UniqueIdentifier>{3C410386-C352-47FA-B2DB-01D1A3221A70}</UniqueIdentifier>
    </Filter>
  </ItemGroup>
  <ItemGroup>
    <ClCompile Include="OnlineMenu\Addresses\UniversalAddressBook.cpp">
      <Filter>OnlineMenu\Addresses</Filter>
    </ClCompile>
    <ClCompile Include="OnlineMenu\Buttons\MenuActionHookPlan.cpp">
      <Filter>OnlineMenu\Buttons</Filter>
    </ClCompile>
    <ClCompile Include="OnlineMenu\Buttons\SettingsButtonStub.cpp">
      <Filter>OnlineMenu\Buttons</Filter>
    </ClCompile>
    <ClCompile Include="OnlineMenu\Config\OnlineMenuConfig.cpp">
      <Filter>OnlineMenu\Config</Filter>
    </ClCompile>
    <ClCompile Include="OnlineMenu\Core\SRLogger.cpp">
      <Filter>OnlineMenu\Core</Filter>
    </ClCompile>
    <ClCompile Include="OnlineMenu\Core\VersionGuard.cpp">
      <Filter>OnlineMenu\Core</Filter>
    </ClCompile>
    <ClCompile Include="OnlineMenu\CustomMenu\CustomMenuEntry.cpp">
      <Filter>OnlineMenu\CustomMenu</Filter>
    </ClCompile>
    <ClCompile Include="OnlineMenu\CustomMenu\InGameSettingsPanel.cpp">
      <Filter>OnlineMenu\CustomMenu</Filter>
    </ClCompile>
    <ClCompile Include="OnlineMenu\CustomMenu\MainMenuOptionRegistry.cpp">
      <Filter>OnlineMenu\CustomMenu</Filter>
    </ClCompile>
    <ClCompile Include="OnlineMenu\CustomMenu\RealMenuOptionInjector.cpp">
      <Filter>OnlineMenu\CustomMenu</Filter>
    </ClCompile>
    <ClCompile Include="OnlineMenu\CustomMenu\RuntimeButtonInjector.cpp">
      <Filter>OnlineMenu\CustomMenu</Filter>
    </ClCompile>
    <ClCompile Include="OnlineMenu\Dialogs\DialogExamples.cpp">
      <Filter>OnlineMenu\Dialogs</Filter>
    </ClCompile>
    <ClCompile Include="OnlineMenu\Flash\FlashBridge.cpp">
      <Filter>OnlineMenu\Flash</Filter>
    </ClCompile>
    <ClCompile Include="OnlineMenu\Flash\FlashCallLayer.cpp">
      <Filter>OnlineMenu\Flash</Filter>
    </ClCompile>
    <ClCompile Include="OnlineMenu\FlashTracer\FlashTracer.cpp">
      <Filter>OnlineMenu\FlashTracer</Filter>
    </ClCompile>
    <ClCompile Include="OnlineMenu\Help\HelpOverlayExamples.cpp">
      <Filter>OnlineMenu\Help</Filter>
    </ClCompile>
    <ClCompile Include="OnlineMenu\Hooks\MenuActionHook.cpp">
      <Filter>OnlineMenu\Hooks</Filter>
    </ClCompile>
    <ClCompile Include="OnlineMenu\Hooks\MenuHookScaffold.cpp">
      <Filter>OnlineMenu\Hooks</Filter>
    </ClCompile>
    <ClCompile Include="OnlineMenu\Hooks\OnlineMenuHookLogger.cpp">
      <Filter>OnlineMenu\Hooks</Filter>
    </ClCompile>
    <ClCompile Include="OnlineMenu\Hooks\OnlineMenuHookStubs.cpp">
      <Filter>OnlineMenu\Hooks</Filter>
    </ClCompile>
    <ClCompile Include="OnlineMenu\IntegrationExample.cpp">
      <Filter>OnlineMenu</Filter>
    </ClCompile>
    <ClCompile Include="OnlineMenu\Leaderboard\FakeLeaderboardData.cpp">
      <Filter>OnlineMenu\Leaderboard</Filter>
    </ClCompile>
    <ClCompile Include="OnlineMenu\Leaderboard\LeaderboardHub.cpp">
      <Filter>OnlineMenu\Leaderboard</Filter>
    </ClCompile>
    <ClCompile Include="OnlineMenu\Leaderboard\LeaderboardStub.cpp">
      <Filter>OnlineMenu\Leaderboard</Filter>
    </ClCompile>
    <ClCompile Include="OnlineMenu\Lobby\LobbyStructures.cpp">
      <Filter>OnlineMenu\Lobby</Filter>
    </ClCompile>
    <ClCompile Include="OnlineMenu\Lobby\NetBattleLobby.cpp">
      <Filter>OnlineMenu\Lobby</Filter>
    </ClCompile>
    <ClCompile Include="OnlineMenu\MainMenu\NetBattleMainMenu.cpp">
      <Filter>OnlineMenu\MainMenu</Filter>
    </ClCompile>
    <ClCompile Include="OnlineMenu\Matchmaking\MatchmakingHub.cpp">
      <Filter>OnlineMenu\Matchmaking</Filter>
    </ClCompile>
    <ClCompile Include="OnlineMenu\Models\LobbyStructures.cpp">
      <Filter>OnlineMenu\Models</Filter>
    </ClCompile>
    <ClCompile Include="OnlineMenu\NetworkTrace\NetworkTrace.cpp">
      <Filter>OnlineMenu\NetworkTrace</Filter>
    </ClCompile>
    <ClCompile Include="OnlineMenu\News\NewsHub.cpp">
      <Filter>OnlineMenu\News</Filter>
    </ClCompile>
    <ClCompile Include="OnlineMenu\News\NewsPanelStub.cpp">
      <Filter>OnlineMenu\News</Filter>
    </ClCompile>
    <ClCompile Include="OnlineMenu\OnlineMenuHubStub.cpp">
      <Filter>OnlineMenu</Filter>
    </ClCompile>
    <ClCompile Include="OnlineMenu\OnlineMenuPatchStub.cpp">
      <Filter>OnlineMenu</Filter>
    </ClCompile>
    <ClCompile Include="OnlineMenu\OnlineMenuResearch.cpp">
      <Filter>OnlineMenu</Filter>
    </ClCompile>
    <ClCompile Include="OnlineMenu\PlayerList\PlayerInfo.cpp">
      <Filter>OnlineMenu\PlayerList</Filter>
    </ClCompile>
    <ClCompile Include="OnlineMenu\PlayerList\PlayerListHub.cpp">
      <Filter>OnlineMenu\PlayerList</Filter>
    </ClCompile>
    <ClCompile Include="OnlineMenu\Research\LatestLobbyResearch.cpp">
      <Filter>OnlineMenu\Research</Filter>
    </ClCompile>
    <ClCompile Include="OnlineMenu\Research\ResearchNotes.cpp">
      <Filter>OnlineMenu\Research</Filter>
    </ClCompile>
    <ClCompile Include="OnlineMenu\RoomBrowser\RoomBrowserHub.cpp">
      <Filter>OnlineMenu\RoomBrowser</Filter>
    </ClCompile>
    <ClCompile Include="OnlineMenu\RoomBrowser\RoomInfo.cpp">
      <Filter>OnlineMenu\RoomBrowser</Filter>
    </ClCompile>
    <ClCompile Include="OnlineMenu\Settings\SettingsHub.cpp">
      <Filter>OnlineMenu\Settings</Filter>
    </ClCompile>
    <ClCompile Include="OnlineMenu\Settings\SettingsStub.cpp">
      <Filter>OnlineMenu\Settings</Filter>
    </ClCompile>
    <ClCompile Include="OnlineMenu\Statistics\BattleStatistics.cpp">
      <Filter>OnlineMenu\Statistics</Filter>
    </ClCompile>
    <ClCompile Include="OnlineMenu\Store\StoreReplacement.cpp">
      <Filter>OnlineMenu\Store</Filter>
    </ClCompile>
    <ClCompile Include="OnlineMenu\StormRevivalOnlineMenu.cpp">
      <Filter>OnlineMenu</Filter>
    </ClCompile>
    <ClCompile Include="OnlineMenu\VoiceStatus\VoiceStatusExamples.cpp">
      <Filter>OnlineMenu\VoiceStatus</Filter>
    </ClCompile>
  </ItemGroup>
  <ItemGroup>
    <ClInclude Include="OnlineMenu\Addresses\UniversalAddressBook.h">
      <Filter>OnlineMenu\Addresses</Filter>
    </ClInclude>
    <ClInclude Include="OnlineMenu\Buttons\MenuActionHookPlan.h">
      <Filter>OnlineMenu\Buttons</Filter>
    </ClInclude>
    <ClInclude Include="OnlineMenu\Config\OnlineMenuConfig.h">
      <Filter>OnlineMenu\Config</Filter>
    </ClInclude>
    <ClInclude Include="OnlineMenu\Core\SRLogger.h">
      <Filter>OnlineMenu\Core</Filter>
    </ClInclude>
    <ClInclude Include="OnlineMenu\Core\SRTypes.h">
      <Filter>OnlineMenu\Core</Filter>
    </ClInclude>
    <ClInclude Include="OnlineMenu\Core\VersionGuard.h">
      <Filter>OnlineMenu\Core</Filter>
    </ClInclude>
    <ClInclude Include="OnlineMenu\CustomMenu\CustomMenuEntry.h">
      <Filter>OnlineMenu\CustomMenu</Filter>
    </ClInclude>
    <ClInclude Include="OnlineMenu\CustomMenu\InGameSettingsPanel.h">
      <Filter>OnlineMenu\CustomMenu</Filter>
    </ClInclude>
    <ClInclude Include="OnlineMenu\CustomMenu\MainMenuOptionRegistry.h">
      <Filter>OnlineMenu\CustomMenu</Filter>
    </ClInclude>
    <ClInclude Include="OnlineMenu\CustomMenu\RealMenuOptionInjector.h">
      <Filter>OnlineMenu\CustomMenu</Filter>
    </ClInclude>
    <ClInclude Include="OnlineMenu\CustomMenu\RuntimeButtonInjector.h">
      <Filter>OnlineMenu\CustomMenu</Filter>
    </ClInclude>
    <ClInclude Include="OnlineMenu\Dialogs\DialogExamples.h">
      <Filter>OnlineMenu\Dialogs</Filter>
    </ClInclude>
    <ClInclude Include="OnlineMenu\Flash\FlashBridge.h">
      <Filter>OnlineMenu\Flash</Filter>
    </ClInclude>
    <ClInclude Include="OnlineMenu\Flash\FlashCallLayer.h">
      <Filter>OnlineMenu\Flash</Filter>
    </ClInclude>
    <ClInclude Include="OnlineMenu\FlashTracer\FlashTracer.h">
      <Filter>OnlineMenu\FlashTracer</Filter>
    </ClInclude>
    <ClInclude Include="OnlineMenu\Help\HelpOverlayExamples.h">
      <Filter>OnlineMenu\Help</Filter>
    </ClInclude>
    <ClInclude Include="OnlineMenu\Hooks\MenuActionHook.h">
      <Filter>OnlineMenu\Hooks</Filter>
    </ClInclude>
    <ClInclude Include="OnlineMenu\Hooks\MenuHookScaffold.h">
      <Filter>OnlineMenu\Hooks</Filter>
    </ClInclude>
    <ClInclude Include="OnlineMenu\Hooks\OnlineMenuHookLogger.h">
      <Filter>OnlineMenu\Hooks</Filter>
    </ClInclude>
    <ClInclude Include="OnlineMenu\Hooks\OnlineMenuHookStubs.h">
      <Filter>OnlineMenu\Hooks</Filter>
    </ClInclude>
    <ClInclude Include="OnlineMenu\Hooks\RuntimeFlashHookPlan.h">
      <Filter>OnlineMenu\Hooks</Filter>
    </ClInclude>
    <ClInclude Include="OnlineMenu\Leaderboard\FakeLeaderboardData.h">
      <Filter>OnlineMenu\Leaderboard</Filter>
    </ClInclude>
    <ClInclude Include="OnlineMenu\Leaderboard\LeaderboardHub.h">
      <Filter>OnlineMenu\Leaderboard</Filter>
    </ClInclude>
    <ClInclude Include="OnlineMenu\Leaderboard\LeaderboardStub.h">
      <Filter>OnlineMenu\Leaderboard</Filter>
    </ClInclude>
    <ClInclude Include="OnlineMenu\Lobby\LobbyFlashNames.h">
      <Filter>OnlineMenu\Lobby</Filter>
    </ClInclude>
    <ClInclude Include="OnlineMenu\Lobby\LobbyStructures.h">
      <Filter>OnlineMenu\Lobby</Filter>
    </ClInclude>
    <ClInclude Include="OnlineMenu\Lobby\LobbySyncMap.h">
      <Filter>OnlineMenu\Lobby</Filter>
    </ClInclude>
    <ClInclude Include="OnlineMenu\Lobby\NetBattleLobby.h">
      <Filter>OnlineMenu\Lobby</Filter>
    </ClInclude>
    <ClInclude Include="OnlineMenu\MainMenu\NetBattleMainMenu.h">
      <Filter>OnlineMenu\MainMenu</Filter>
    </ClInclude>
    <ClInclude Include="OnlineMenu\Matchmaking\MatchmakingHub.h">
      <Filter>OnlineMenu\Matchmaking</Filter>
    </ClInclude>
    <ClInclude Include="OnlineMenu\Models\LobbyStructures.h">
      <Filter>OnlineMenu\Models</Filter>
    </ClInclude>
    <ClInclude Include="OnlineMenu\NetworkTrace\NetworkTrace.h">
      <Filter>OnlineMenu\NetworkTrace</Filter>
    </ClInclude>
    <ClInclude Include="OnlineMenu\News\NewsHub.h">
      <Filter>OnlineMenu\News</Filter>
    </ClInclude>
    <ClInclude Include="OnlineMenu\OnlineMenuHubStub.h">
      <Filter>OnlineMenu</Filter>
    </ClInclude>
    <ClInclude Include="OnlineMenu\OnlineMenuNotes.h">
      <Filter>OnlineMenu</Filter>
    </ClInclude>
    <ClInclude Include="OnlineMenu\OnlineMenuPatchStub.h">
      <Filter>OnlineMenu</Filter>
    </ClInclude>
    <ClInclude Include="OnlineMenu\OnlineMenuResearch.h">
      <Filter>OnlineMenu</Filter>
    </ClInclude>
    <ClInclude Include="OnlineMenu\PlayerList\PlayerInfo.h">
      <Filter>OnlineMenu\PlayerList</Filter>
    </ClInclude>
    <ClInclude Include="OnlineMenu\PlayerList\PlayerListHub.h">
      <Filter>OnlineMenu\PlayerList</Filter>
    </ClInclude>
    <ClInclude Include="OnlineMenu\Research\FunctionMap.h">
      <Filter>OnlineMenu\Research</Filter>
    </ClInclude>
    <ClInclude Include="OnlineMenu\Research\FunctionNames.h">
      <Filter>OnlineMenu\Research</Filter>
    </ClInclude>
    <ClInclude Include="OnlineMenu\Research\KnownAddresses.h">
      <Filter>OnlineMenu\Research</Filter>
    </ClInclude>
    <ClInclude Include="OnlineMenu\Research\LatestLobbyResearch.h">
      <Filter>OnlineMenu\Research</Filter>
    </ClInclude>
    <ClInclude Include="OnlineMenu\Research\Progress.h">
      <Filter>OnlineMenu\Research</Filter>
    </ClInclude>
    <ClInclude Include="OnlineMenu\Research\ResearchNotes.h">
      <Filter>OnlineMenu\Research</Filter>
    </ClInclude>
    <ClInclude Include="OnlineMenu\RoomBrowser\RoomBrowserHub.h">
      <Filter>OnlineMenu\RoomBrowser</Filter>
    </ClInclude>
    <ClInclude Include="OnlineMenu\RoomBrowser\RoomInfo.h">
      <Filter>OnlineMenu\RoomBrowser</Filter>
    </ClInclude>
    <ClInclude Include="OnlineMenu\Settings\SettingsHub.h">
      <Filter>OnlineMenu\Settings</Filter>
    </ClInclude>
    <ClInclude Include="OnlineMenu\Settings\SettingsStub.h">
      <Filter>OnlineMenu\Settings</Filter>
    </ClInclude>
    <ClInclude Include="OnlineMenu\Statistics\BattleStatistics.h">
      <Filter>OnlineMenu\Statistics</Filter>
    </ClInclude>
    <ClInclude Include="OnlineMenu\Store\StoreReplacement.h">
      <Filter>OnlineMenu\Store</Filter>
    </ClInclude>
    <ClInclude Include="OnlineMenu\StormRevivalOnlineMenu.h">
      <Filter>OnlineMenu</Filter>
    </ClInclude>
    <ClInclude Include="OnlineMenu\VoiceStatus\VoiceStatusExamples.h">
      <Filter>OnlineMenu\VoiceStatus</Filter>
    </ClInclude>
  </ItemGroup>
  <ItemGroup>
    <None Include="OnlineMenu\AddressBook\KNOWN_ADDRESSES.txt">
      <Filter>OnlineMenu\AddressBook</Filter>
    </None>
    <None Include="OnlineMenu\BossBattle\BOSS_BATTLE_RESEARCH.txt">
      <Filter>OnlineMenu\BossBattle</Filter>
    </None>
    <None Include="OnlineMenu\Character_Costume\CHARACTER_COSTUME_RESEARCH.txt">
      <Filter>OnlineMenu\Character_Costume</Filter>
    </None>
    <None Include="OnlineMenu\Combat\COMBAT_RESEARCH.txt">
      <Filter>OnlineMenu\Combat</Filter>
    </None>
    <None Include="OnlineMenu\LAN_Radmin_Research\LAN_EVENT_IDS.txt">
      <Filter>OnlineMenu\LAN_Radmin_Research</Filter>
    </None>
    <None Include="OnlineMenu\LAN_Radmin_Research\LAN_KEYS_TO_DUMP.txt">
      <Filter>OnlineMenu\LAN_Radmin_Research</Filter>
    </None>
    <None Include="OnlineMenu\LAN_Radmin_Research\LAN_RESEARCH_SUMMARY.txt">
      <Filter>OnlineMenu\LAN_Radmin_Research</Filter>
    </None>
    <None Include="OnlineMenu\LOBBY_UI_SUMMARY.txt">
      <Filter>OnlineMenu</Filter>
    </None>
    <None Include="OnlineMenu\manifest.json">
      <Filter>OnlineMenu</Filter>
    </None>
    <None Include="OnlineMenu\ONLINE_MENU_SUMMARY.txt">
      <Filter>OnlineMenu</Filter>
    </None>
    <None Include="OnlineMenu\OnlineMenu\LOBBY_UI_SUMMARY.txt">
      <Filter>OnlineMenu\OnlineMenu</Filter>
    </None>
    <None Include="OnlineMenu\OnlineMenu\ONLINE_MENU_SUMMARY.txt">
      <Filter>OnlineMenu\OnlineMenu</Filter>
    </None>
    <None Include="OnlineMenu\README_RESEARCH_INDEX.txt">
      <Filter>OnlineMenu</Filter>
    </None>
    <None Include="OnlineMenu\Scenario_GPSetting\GPSETTING_SCENARIO_PARSER.txt">
      <Filter>OnlineMenu\Scenario_GPSetting</Filter>
    </None>
    <None Include="OnlineMenu\Stage\STAGE_RESEARCH.txt">
      <Filter>OnlineMenu\Stage</Filter>
    </None>
  </ItemGroup>
  <!-- END OnlineMenu Codex managed items -->
</Project>