<Solution>
  <Configurations>
    <Platform Name="x64" />
    <Platform Name="x86" />
  </Configurations>
  <Project Path="NSCFrameWork/NSCFrameWork.vcxproj" Id="c6f8b4e3-3e5d-4a9b-8c4f-72f9d55ce901" />
  <Project Path="steam_api64/steam_api64.vcxproj" Id="a3fb42e5-26f4-4beb-9d06-5e66ddd2a12e" />
</Solution>